// !$*UTF8*$!
{
	archiveVersion = 1;
	classes = {
	};
	objectVersion = 50;
	objects = {

/* Begin PBXBuildFile section */
		021F3248219C1E910041A11A /* ViewController.m in Sources */ = {isa = PBXBuildFile; fileRef = 021F3247219C1E910041A11A /* ViewController.m */; };
		021F324B219C1E920041A11A /* Main.storyboard in Resources */ = {isa = PBXBuildFile; fileRef = 021F3249219C1E920041A11A /* Main.storyboard */; };
		021F324D219C1E940041A11A /* Assets.xcassets in Resources */ = {isa = PBXBuildFile; fileRef = 021F324C219C1E940041A11A /* Assets.xcassets */; };
		021F3250219C1E940041A11A /* LaunchScreen.storyboard in Resources */ = {isa = PBXBuildFile; fileRef = 021F324E219C1E940041A11A /* LaunchScreen.storyboard */; };
		021F3253219C1E940041A11A /* main.m in Sources */ = {isa = PBXBuildFile; fileRef = 021F3252219C1E940041A11A /* main.m */; };
		021F3263219C24010041A11A /* AppDelegate.m in Sources */ = {isa = PBXBuildFile; fileRef = 021F3262219C24010041A11A /* AppDelegate.m */; };
		021F3266219C24490041A11A /* YGTabBarController.m in Sources */ = {isa = PBXBuildFile; fileRef = 021F3265219C24490041A11A /* YGTabBarController.m */; };
		021F327F219C298F0041A11A /* YGBaseViewController.m in Sources */ = {isa = PBXBuildFile; fileRef = 021F327D219C298F0041A11A /* YGBaseViewController.m */; };
		021F3284219C299D0041A11A /* YGHomeViewController.m in Sources */ = {isa = PBXBuildFile; fileRef = 021F3282219C299C0041A11A /* YGHomeViewController.m */; };
		021F3289219C29BA0041A11A /* YGDiscoveryViewController.m in Sources */ = {isa = PBXBuildFile; fileRef = 021F3288219C29BA0041A11A /* YGDiscoveryViewController.m */; };
		021F328E219C29C20041A11A /* YGMessageViewController.m in Sources */ = {isa = PBXBuildFile; fileRef = 021F328C219C29C20041A11A /* YGMessageViewController.m */; };
		021F3293219C29CA0041A11A /* YGMineViewController.m in Sources */ = {isa = PBXBuildFile; fileRef = 021F3291219C29CA0041A11A /* YGMineViewController.m */; };
		021F3298219C29D30041A11A /* YGAccountViewController.m in Sources */ = {isa = PBXBuildFile; fileRef = 021F3296219C29D30041A11A /* YGAccountViewController.m */; };
		02AC5A8E219FB1200092BB46 /* YGBindCardViewController.m in Sources */ = {isa = PBXBuildFile; fileRef = 02AC5A8C219FB1200092BB46 /* YGBindCardViewController.m */; };
		02AC5A8F219FB1200092BB46 /* YGBindCardViewController.xib in Resources */ = {isa = PBXBuildFile; fileRef = 02AC5A8D219FB1200092BB46 /* YGBindCardViewController.xib */; };
		02AC5A9321A055200092BB46 /* YGBankCardValidateViewController.m in Sources */ = {isa = PBXBuildFile; fileRef = 02AC5A9121A055200092BB46 /* YGBankCardValidateViewController.m */; };
		02AC5A9421A055200092BB46 /* YGBankCardValidateViewController.xib in Resources */ = {isa = PBXBuildFile; fileRef = 02AC5A9221A055200092BB46 /* YGBankCardValidateViewController.xib */; };
		02AC5AA121A0601C0092BB46 /* YGUserInfoViewController.m in Sources */ = {isa = PBXBuildFile; fileRef = 02AC5A9F21A0601C0092BB46 /* YGUserInfoViewController.m */; };
		02AC5AA221A0601C0092BB46 /* YGUserInfoViewController.xib in Resources */ = {isa = PBXBuildFile; fileRef = 02AC5AA021A0601C0092BB46 /* YGUserInfoViewController.xib */; };
		02AC5AA621A062910092BB46 /* YGSettingViewController.m in Sources */ = {isa = PBXBuildFile; fileRef = 02AC5AA421A062910092BB46 /* YGSettingViewController.m */; };
		02AC5AA721A062910092BB46 /* YGSettingViewController.xib in Resources */ = {isa = PBXBuildFile; fileRef = 02AC5AA521A062910092BB46 /* YGSettingViewController.xib */; };
		02AC5AAA21A068BB0092BB46 /* YGAuthTool.m in Sources */ = {isa = PBXBuildFile; fileRef = 02AC5AA921A068BB0092BB46 /* YGAuthTool.m */; };
		02AC5AAD21A0693A0092BB46 /* YGAlertTool.m in Sources */ = {isa = PBXBuildFile; fileRef = 02AC5AAC21A0693A0092BB46 /* YGAlertTool.m */; };
		02AC5AB021A06ACA0092BB46 /* YGUtils.m in Sources */ = {isa = PBXBuildFile; fileRef = 02AC5AAF21A06ACA0092BB46 /* YGUtils.m */; };
		02AC5AB421A0712D0092BB46 /* YGModifyViewController.m in Sources */ = {isa = PBXBuildFile; fileRef = 02AC5AB221A0712D0092BB46 /* YGModifyViewController.m */; };
		02AC5AB521A0712D0092BB46 /* YGModifyViewController.xib in Resources */ = {isa = PBXBuildFile; fileRef = 02AC5AB321A0712D0092BB46 /* YGModifyViewController.xib */; };
		02AC5AC121A1153B0092BB46 /* YGSafeViewController.m in Sources */ = {isa = PBXBuildFile; fileRef = 02AC5ABF21A1153B0092BB46 /* YGSafeViewController.m */; };
		02AC5AC221A1153B0092BB46 /* YGSafeViewController.xib in Resources */ = {isa = PBXBuildFile; fileRef = 02AC5AC021A1153B0092BB46 /* YGSafeViewController.xib */; };
		02AC5AC621A118990092BB46 /* YGPwdViewController.m in Sources */ = {isa = PBXBuildFile; fileRef = 02AC5AC421A118990092BB46 /* YGPwdViewController.m */; };
		02AC5AC721A118990092BB46 /* YGPwdViewController.xib in Resources */ = {isa = PBXBuildFile; fileRef = 02AC5AC521A118990092BB46 /* YGPwdViewController.xib */; };
		02AC5ACB21A11A700092BB46 /* YGAboutViewController.m in Sources */ = {isa = PBXBuildFile; fileRef = 02AC5AC921A11A700092BB46 /* YGAboutViewController.m */; };
		02AC5ACC21A11A700092BB46 /* YGAboutViewController.xib in Resources */ = {isa = PBXBuildFile; fileRef = 02AC5ACA21A11A700092BB46 /* YGAboutViewController.xib */; };
		02AC5ACF21A15E5F0092BB46 /* YGWebViewController.m in Sources */ = {isa = PBXBuildFile; fileRef = 02AC5ACE21A15E5F0092BB46 /* YGWebViewController.m */; };
		02AC5AD121A15E760092BB46 /* WebKit.framework in Frameworks */ = {isa = PBXBuildFile; fileRef = 02AC5AD021A15E760092BB46 /* WebKit.framework */; };
		02AC5AD521A161B90092BB46 /* YGContactUsViewController.m in Sources */ = {isa = PBXBuildFile; fileRef = 02AC5AD321A161B90092BB46 /* YGContactUsViewController.m */; };
		02AC5AD621A161B90092BB46 /* YGContactUsViewController.xib in Resources */ = {isa = PBXBuildFile; fileRef = 02AC5AD421A161B90092BB46 /* YGContactUsViewController.xib */; };
		02AC5ADA21A1690F0092BB46 /* YGBankViewController.m in Sources */ = {isa = PBXBuildFile; fileRef = 02AC5AD821A1690F0092BB46 /* YGBankViewController.m */; };
		02AC5ADB21A1690F0092BB46 /* YGBankViewController.xib in Resources */ = {isa = PBXBuildFile; fileRef = 02AC5AD921A1690F0092BB46 /* YGBankViewController.xib */; };
		02AC5ADF21A169B30092BB46 /* YGBankTableViewCell.m in Sources */ = {isa = PBXBuildFile; fileRef = 02AC5ADD21A169B30092BB46 /* YGBankTableViewCell.m */; };
		02AC5AE021A169B30092BB46 /* YGBankTableViewCell.xib in Resources */ = {isa = PBXBuildFile; fileRef = 02AC5ADE21A169B30092BB46 /* YGBankTableViewCell.xib */; };
		02AC5AE321A189590092BB46 /* YGChargeViewController.m in Sources */ = {isa = PBXBuildFile; fileRef = 02AC5AE221A189590092BB46 /* YGChargeViewController.m */; };
		02AC5AE621A189850092BB46 /* YGBindCardView.m in Sources */ = {isa = PBXBuildFile; fileRef = 02AC5AE521A189850092BB46 /* YGBindCardView.m */; };
		02AC5AE821A189980092BB46 /* YGBindCardView.xib in Resources */ = {isa = PBXBuildFile; fileRef = 02AC5AE721A189980092BB46 /* YGBindCardView.xib */; };
		02AC5AEB21A198CE0092BB46 /* YGSegView.m in Sources */ = {isa = PBXBuildFile; fileRef = 02AC5AEA21A198CE0092BB46 /* YGSegView.m */; };
		02AC5AED21A198DD0092BB46 /* YGSegView.xib in Resources */ = {isa = PBXBuildFile; fileRef = 02AC5AEC21A198DD0092BB46 /* YGSegView.xib */; };
		02AC5AF021A19FB60092BB46 /* YGMineHeaderView.m in Sources */ = {isa = PBXBuildFile; fileRef = 02AC5AEF21A19FB60092BB46 /* YGMineHeaderView.m */; };
		02AC5AF321A19FC90092BB46 /* YGMineFooterView.m in Sources */ = {isa = PBXBuildFile; fileRef = 02AC5AF221A19FC90092BB46 /* YGMineFooterView.m */; };
		02AC5AF721A19FF00092BB46 /* YGMineFooterView.xib in Resources */ = {isa = PBXBuildFile; fileRef = 02AC5AF621A19FF00092BB46 /* YGMineFooterView.xib */; };
		02AC5AFB21A1A5BF0092BB46 /* YGCollectionViewCell.m in Sources */ = {isa = PBXBuildFile; fileRef = 02AC5AF921A1A5BF0092BB46 /* YGCollectionViewCell.m */; };
		02AC5AFC21A1A5BF0092BB46 /* YGCollectionViewCell.xib in Resources */ = {isa = PBXBuildFile; fileRef = 02AC5AFA21A1A5BF0092BB46 /* YGCollectionViewCell.xib */; };
		02CC5A3421A1B2B600BFBCD6 /* YGOrderViewController.m in Sources */ = {isa = PBXBuildFile; fileRef = 02CC5A3221A1B2B600BFBCD6 /* YGOrderViewController.m */; };
		02CC5A3521A1B2B600BFBCD6 /* YGOrderViewController.xib in Resources */ = {isa = PBXBuildFile; fileRef = 02CC5A3321A1B2B600BFBCD6 /* YGOrderViewController.xib */; };
		02CD775B21A2DAA7009A9892 /* YGMessageDefaultView.m in Sources */ = {isa = PBXBuildFile; fileRef = 02CD775721A2DAA7009A9892 /* YGMessageDefaultView.m */; };
		02CD775C21A2DAA7009A9892 /* YGMessageDefaultView.xib in Resources */ = {isa = PBXBuildFile; fileRef = 02CD775821A2DAA7009A9892 /* YGMessageDefaultView.xib */; };
		02CD775D21A2DAA7009A9892 /* YGMessageSegView.m in Sources */ = {isa = PBXBuildFile; fileRef = 02CD775921A2DAA7009A9892 /* YGMessageSegView.m */; };
		02CD776121A2E005009A9892 /* YGMessageCollectionViewCell.m in Sources */ = {isa = PBXBuildFile; fileRef = 02CD775F21A2E005009A9892 /* YGMessageCollectionViewCell.m */; };
		02CD776221A2E005009A9892 /* YGMessageCollectionViewCell.xib in Resources */ = {isa = PBXBuildFile; fileRef = 02CD776021A2E005009A9892 /* YGMessageCollectionViewCell.xib */; };
		02CD776621A2E323009A9892 /* YGMessageTableViewCell.m in Sources */ = {isa = PBXBuildFile; fileRef = 02CD776421A2E323009A9892 /* YGMessageTableViewCell.m */; };
		02CD776721A2E323009A9892 /* YGMessageTableViewCell.xib in Resources */ = {isa = PBXBuildFile; fileRef = 02CD776521A2E323009A9892 /* YGMessageTableViewCell.xib */; };
		02F2A4E621A2594A00454F8D /* YGTransactionTableViewCell.m in Sources */ = {isa = PBXBuildFile; fileRef = 02F2A4E421A2594A00454F8D /* YGTransactionTableViewCell.m */; };
		02F2A4E721A2594A00454F8D /* YGTransactionTableViewCell.xib in Resources */ = {isa = PBXBuildFile; fileRef = 02F2A4E521A2594A00454F8D /* YGTransactionTableViewCell.xib */; };
		02F2A4EF21A287AC00454F8D /* UITableViewCell+Arrow.m in Sources */ = {isa = PBXBuildFile; fileRef = 02F2A4EE21A287AC00454F8D /* UITableViewCell+Arrow.m */; };
		02F2A4F121A2899300454F8D /* arrow@2x.png in Resources */ = {isa = PBXBuildFile; fileRef = 02F2A4F021A2899300454F8D /* arrow@2x.png */; };
		02F2A4F321A2899D00454F8D /* arrow@3x.png in Resources */ = {isa = PBXBuildFile; fileRef = 02F2A4F221A2899D00454F8D /* arrow@3x.png */; };
		2E305EC721A2934200FCF123 /* UIViewController+Custom.m in Sources */ = {isa = PBXBuildFile; fileRef = 2E305EC621A2934200FCF123 /* UIViewController+Custom.m */; };
		2E305ECB21A2962B00FCF123 /* HomeTableViewCell.m in Sources */ = {isa = PBXBuildFile; fileRef = 2E305ECA21A2962B00FCF123 /* HomeTableViewCell.m */; };
		2E9EA73C21A2F904002EF478 /* GoodsCollectionViewCell.m in Sources */ = {isa = PBXBuildFile; fileRef = 2E9EA73B21A2F904002EF478 /* GoodsCollectionViewCell.m */; };
		2EDDE58A219D51430009DDC1 /* mine_setting@2x.png in Resources */ = {isa = PBXBuildFile; fileRef = 2EDDE553219D51430009DDC1 /* mine_setting@2x.png */; };
		2EDDE58B219D51430009DDC1 /* rollout_selected@2x.png in Resources */ = {isa = PBXBuildFile; fileRef = 2EDDE554219D51430009DDC1 /* rollout_selected@2x.png */; };
		2EDDE58C219D51430009DDC1 /* eyes_secret@2x.png in Resources */ = {isa = PBXBuildFile; fileRef = 2EDDE555219D51430009DDC1 /* eyes_secret@2x.png */; };
		2EDDE58D219D51430009DDC1 /* tabbar_coin@2x.png in Resources */ = {isa = PBXBuildFile; fileRef = 2EDDE556219D51430009DDC1 /* tabbar_coin@2x.png */; };
		2EDDE58E219D51430009DDC1 /* home_im@2x.png in Resources */ = {isa = PBXBuildFile; fileRef = 2EDDE557219D51430009DDC1 /* home_im@2x.png */; };
		2EDDE58F219D51430009DDC1 /* tabbar_message@2x.png in Resources */ = {isa = PBXBuildFile; fileRef = 2EDDE558219D51430009DDC1 /* tabbar_message@2x.png */; };
		2EDDE590219D51430009DDC1 /* tabbar_home@2x.png in Resources */ = {isa = PBXBuildFile; fileRef = 2EDDE559219D51430009DDC1 /* tabbar_home@2x.png */; };
		2EDDE591219D51430009DDC1 /* tabbar_discovery@2x.png in Resources */ = {isa = PBXBuildFile; fileRef = 2EDDE55A219D51430009DDC1 /* tabbar_discovery@2x.png */; };
		2EDDE592219D51430009DDC1 /* tabbar_home_selected@2x.png in Resources */ = {isa = PBXBuildFile; fileRef = 2EDDE55B219D51430009DDC1 /* tabbar_home_selected@2x.png */; };
		2EDDE593219D51430009DDC1 /* mine_huodong@2x.png in Resources */ = {isa = PBXBuildFile; fileRef = 2EDDE55C219D51430009DDC1 /* mine_huodong@2x.png */; };
		2EDDE594219D51430009DDC1 /* tabbar_message_selected@2x.png in Resources */ = {isa = PBXBuildFile; fileRef = 2EDDE55D219D51430009DDC1 /* tabbar_message_selected@2x.png */; };
		2EDDE595219D51430009DDC1 /* shared_icon@2x.png in Resources */ = {isa = PBXBuildFile; fileRef = 2EDDE55E219D51430009DDC1 /* shared_icon@2x.png */; };
		2EDDE596219D51430009DDC1 /* rollout_unselected@2x.png in Resources */ = {isa = PBXBuildFile; fileRef = 2EDDE55F219D51430009DDC1 /* rollout_unselected@2x.png */; };
		2EDDE597219D51430009DDC1 /* mine_recharge@2x.png in Resources */ = {isa = PBXBuildFile; fileRef = 2EDDE560219D51430009DDC1 /* mine_recharge@2x.png */; };
		2EDDE598219D51430009DDC1 /* mine_bankcard@2x.png in Resources */ = {isa = PBXBuildFile; fileRef = 2EDDE561219D51430009DDC1 /* mine_bankcard@2x.png */; };
		2EDDE599219D51430009DDC1 /* recharge_selected@2x.png in Resources */ = {isa = PBXBuildFile; fileRef = 2EDDE562219D51430009DDC1 /* recharge_selected@2x.png */; };
		2EDDE59A219D51430009DDC1 /* mine_rollout@2x.png in Resources */ = {isa = PBXBuildFile; fileRef = 2EDDE563219D51430009DDC1 /* mine_rollout@2x.png */; };
		2EDDE59B219D51430009DDC1 /* mine_message@2x.png in Resources */ = {isa = PBXBuildFile; fileRef = 2EDDE564219D51430009DDC1 /* mine_message@2x.png */; };
		2EDDE59C219D51430009DDC1 /* recharge_unselected@2x.png in Resources */ = {isa = PBXBuildFile; fileRef = 2EDDE565219D51430009DDC1 /* recharge_unselected@2x.png */; };
		2EDDE59D219D51430009DDC1 /* nav_back@2x.png in Resources */ = {isa = PBXBuildFile; fileRef = 2EDDE566219D51430009DDC1 /* nav_back@2x.png */; };
		2EDDE59E219D51430009DDC1 /* tabbar_discovery_selected@2x.png in Resources */ = {isa = PBXBuildFile; fileRef = 2EDDE567219D51430009DDC1 /* tabbar_discovery_selected@2x.png */; };
		2EDDE59F219D51430009DDC1 /* tabbar_mine_selected@2x.png in Resources */ = {isa = PBXBuildFile; fileRef = 2EDDE568219D51430009DDC1 /* tabbar_mine_selected@2x.png */; };
		2EDDE5A0219D51430009DDC1 /* eyes_unsecret@2x.png in Resources */ = {isa = PBXBuildFile; fileRef = 2EDDE569219D51430009DDC1 /* eyes_unsecret@2x.png */; };
		2EDDE5A1219D51430009DDC1 /* common_refresh@2x.png in Resources */ = {isa = PBXBuildFile; fileRef = 2EDDE56A219D51430009DDC1 /* common_refresh@2x.png */; };
		2EDDE5A2219D51430009DDC1 /* mine_transaction@2x.png in Resources */ = {isa = PBXBuildFile; fileRef = 2EDDE56B219D51430009DDC1 /* mine_transaction@2x.png */; };
		2EDDE5A3219D51430009DDC1 /* tabbar_coin_selected@2x.png in Resources */ = {isa = PBXBuildFile; fileRef = 2EDDE56C219D51430009DDC1 /* tabbar_coin_selected@2x.png */; };
		2EDDE5A4219D51430009DDC1 /* tabbar_mine@2x.png in Resources */ = {isa = PBXBuildFile; fileRef = 2EDDE56D219D51430009DDC1 /* tabbar_mine@2x.png */; };
		2EDDE5A5219D51430009DDC1 /* mine_huodong@3x.png in Resources */ = {isa = PBXBuildFile; fileRef = 2EDDE56F219D51430009DDC1 /* mine_huodong@3x.png */; };
		2EDDE5A6219D51430009DDC1 /* tabbar_home_selected@3x.png in Resources */ = {isa = PBXBuildFile; fileRef = 2EDDE570219D51430009DDC1 /* tabbar_home_selected@3x.png */; };
		2EDDE5A7219D51430009DDC1 /* tabbar_discovery@3x.png in Resources */ = {isa = PBXBuildFile; fileRef = 2EDDE571219D51430009DDC1 /* tabbar_discovery@3x.png */; };
		2EDDE5A8219D51430009DDC1 /* tabbar_home@3x.png in Resources */ = {isa = PBXBuildFile; fileRef = 2EDDE572219D51430009DDC1 /* tabbar_home@3x.png */; };
		2EDDE5A9219D51430009DDC1 /* home_im@3x.png in Resources */ = {isa = PBXBuildFile; fileRef = 2EDDE573219D51430009DDC1 /* home_im@3x.png */; };
		2EDDE5AA219D51430009DDC1 /* tabbar_message@3x.png in Resources */ = {isa = PBXBuildFile; fileRef = 2EDDE574219D51430009DDC1 /* tabbar_message@3x.png */; };
		2EDDE5AB219D51430009DDC1 /* tabbar_coin@3x.png in Resources */ = {isa = PBXBuildFile; fileRef = 2EDDE575219D51430009DDC1 /* tabbar_coin@3x.png */; };
		2EDDE5AC219D51430009DDC1 /* eyes_secret@3x.png in Resources */ = {isa = PBXBuildFile; fileRef = 2EDDE576219D51430009DDC1 /* eyes_secret@3x.png */; };
		2EDDE5AD219D51430009DDC1 /* rollout_selected@3x.png in Resources */ = {isa = PBXBuildFile; fileRef = 2EDDE577219D51430009DDC1 /* rollout_selected@3x.png */; };
		2EDDE5AE219D51430009DDC1 /* mine_setting@3x.png in Resources */ = {isa = PBXBuildFile; fileRef = 2EDDE578219D51430009DDC1 /* mine_setting@3x.png */; };
		2EDDE5AF219D51430009DDC1 /* rollout_unselected@3x.png in Resources */ = {isa = PBXBuildFile; fileRef = 2EDDE579219D51430009DDC1 /* rollout_unselected@3x.png */; };
		2EDDE5B0219D51430009DDC1 /* shared_icon@3x.png in Resources */ = {isa = PBXBuildFile; fileRef = 2EDDE57A219D51430009DDC1 /* shared_icon@3x.png */; };
		2EDDE5B1219D51430009DDC1 /* tabbar_message_selected@3x.png in Resources */ = {isa = PBXBuildFile; fileRef = 2EDDE57B219D51430009DDC1 /* tabbar_message_selected@3x.png */; };
		2EDDE5B2219D51430009DDC1 /* recharge_unselected@3x.png in Resources */ = {isa = PBXBuildFile; fileRef = 2EDDE57C219D51430009DDC1 /* recharge_unselected@3x.png */; };
		2EDDE5B3219D51430009DDC1 /* mine_message@3x.png in Resources */ = {isa = PBXBuildFile; fileRef = 2EDDE57D219D51430009DDC1 /* mine_message@3x.png */; };
		2EDDE5B4219D51430009DDC1 /* recharge_selected@3x.png in Resources */ = {isa = PBXBuildFile; fileRef = 2EDDE57E219D51430009DDC1 /* recharge_selected@3x.png */; };
		2EDDE5B5219D51430009DDC1 /* mine_rollout@3x.png in Resources */ = {isa = PBXBuildFile; fileRef = 2EDDE57F219D51430009DDC1 /* mine_rollout@3x.png */; };
		2EDDE5B6219D51430009DDC1 /* mine_bankcard@3x.png in Resources */ = {isa = PBXBuildFile; fileRef = 2EDDE580219D51430009DDC1 /* mine_bankcard@3x.png */; };
		2EDDE5B7219D51430009DDC1 /* mine_recharge@3x.png in Resources */ = {isa = PBXBuildFile; fileRef = 2EDDE581219D51430009DDC1 /* mine_recharge@3x.png */; };
		2EDDE5B8219D51430009DDC1 /* tabbar_mine@3x.png in Resources */ = {isa = PBXBuildFile; fileRef = 2EDDE582219D51430009DDC1 /* tabbar_mine@3x.png */; };
		2EDDE5B9219D51430009DDC1 /* tabbar_coin_selected@3x.png in Resources */ = {isa = PBXBuildFile; fileRef = 2EDDE583219D51430009DDC1 /* tabbar_coin_selected@3x.png */; };
		2EDDE5BA219D51430009DDC1 /* mine_transaction@3x.png in Resources */ = {isa = PBXBuildFile; fileRef = 2EDDE584219D51430009DDC1 /* mine_transaction@3x.png */; };
		2EDDE5BB219D51430009DDC1 /* common_refresh@3x.png in Resources */ = {isa = PBXBuildFile; fileRef = 2EDDE585219D51430009DDC1 /* common_refresh@3x.png */; };
		2EDDE5BC219D51430009DDC1 /* eyes_unsecret@3x.png in Resources */ = {isa = PBXBuildFile; fileRef = 2EDDE586219D51430009DDC1 /* eyes_unsecret@3x.png */; };
		2EDDE5BD219D51430009DDC1 /* tabbar_mine_selected@3x.png in Resources */ = {isa = PBXBuildFile; fileRef = 2EDDE587219D51430009DDC1 /* tabbar_mine_selected@3x.png */; };
		2EDDE5BE219D51430009DDC1 /* tabbar_discovery_selected@3x.png in Resources */ = {isa = PBXBuildFile; fileRef = 2EDDE588219D51430009DDC1 /* tabbar_discovery_selected@3x.png */; };
		2EDDE5BF219D51430009DDC1 /* nav_back@3x.png in Resources */ = {isa = PBXBuildFile; fileRef = 2EDDE589219D51430009DDC1 /* nav_back@3x.png */; };
		2EDDE5CD219EBA160009DDC1 /* UIImage+Color.m in Sources */ = {isa = PBXBuildFile; fileRef = 2EDDE5CC219EBA160009DDC1 /* UIImage+Color.m */; };
		2EDDE5D0219EBAB50009DDC1 /* YGBaseNavgationViewController.m in Sources */ = {isa = PBXBuildFile; fileRef = 2EDDE5CF219EBAB50009DDC1 /* YGBaseNavgationViewController.m */; };
		2EDDE5D7219ED2CA0009DDC1 /* WechatIMG125.png in Resources */ = {isa = PBXBuildFile; fileRef = 2EDDE5D2219ED2CA0009DDC1 /* WechatIMG125.png */; };
		2EDDE5D8219ED2CA0009DDC1 /* 《名门电竞》APP需求文档2.pdf in Resources */ = {isa = PBXBuildFile; fileRef = 2EDDE5D3219ED2CA0009DDC1 /* 《名门电竞》APP需求文档2.pdf */; };
		2EDDE5D9219ED2CA0009DDC1 /* 电竞UI.zip in Resources */ = {isa = PBXBuildFile; fileRef = 2EDDE5D4219ED2CA0009DDC1 /* 电竞UI.zip */; };
		2EDDE5DA219ED2CA0009DDC1 /* 《名门电竞》APP需求文档.pdf in Resources */ = {isa = PBXBuildFile; fileRef = 2EDDE5D5219ED2CA0009DDC1 /* 《名门电竞》APP需求文档.pdf */; };
		2EDDE5DB219ED2CA0009DDC1 /* 电竞icon.zip in Resources */ = {isa = PBXBuildFile; fileRef = 2EDDE5D6219ED2CA0009DDC1 /* 电竞icon.zip */; };
		493D7C1868E436525CE6F085 /* Pods_YaloGame.framework in Frameworks */ = {isa = PBXBuildFile; fileRef = EF86CA6935AED6F166B62CC6 /* Pods_YaloGame.framework */; };
/* End PBXBuildFile section */

/* Begin PBXFileReference section */
		021F3240219C1E910041A11A /* YaloGame.app */ = {isa = PBXFileReference; explicitFileType = wrapper.application; includeInIndex = 0; path = YaloGame.app; sourceTree = BUILT_PRODUCTS_DIR; };
		021F3246219C1E910041A11A /* ViewController.h */ = {isa = PBXFileReference; lastKnownFileType = sourcecode.c.h; path = ViewController.h; sourceTree = "<group>"; };
		021F3247219C1E910041A11A /* ViewController.m */ = {isa = PBXFileReference; lastKnownFileType = sourcecode.c.objc; path = ViewController.m; sourceTree = "<group>"; };
		021F324A219C1E920041A11A /* Base */ = {isa = PBXFileReference; lastKnownFileType = file.storyboard; name = Base; path = Base.lproj/Main.storyboard; sourceTree = "<group>"; };
		021F324C219C1E940041A11A /* Assets.xcassets */ = {isa = PBXFileReference; lastKnownFileType = folder.assetcatalog; path = Assets.xcassets; sourceTree = "<group>"; };
		021F324F219C1E940041A11A /* Base */ = {isa = PBXFileReference; lastKnownFileType = file.storyboard; name = Base; path = Base.lproj/LaunchScreen.storyboard; sourceTree = "<group>"; };
		021F3251219C1E940041A11A /* Info.plist */ = {isa = PBXFileReference; lastKnownFileType = text.plist.xml; path = Info.plist; sourceTree = "<group>"; };
		021F3252219C1E940041A11A /* main.m */ = {isa = PBXFileReference; lastKnownFileType = sourcecode.c.objc; path = main.m; sourceTree = "<group>"; };
		021F3261219C24010041A11A /* AppDelegate.h */ = {isa = PBXFileReference; fileEncoding = 4; lastKnownFileType = sourcecode.c.h; path = AppDelegate.h; sourceTree = "<group>"; };
		021F3262219C24010041A11A /* AppDelegate.m */ = {isa = PBXFileReference; fileEncoding = 4; lastKnownFileType = sourcecode.c.objc; path = AppDelegate.m; sourceTree = "<group>"; };
		021F3264219C24490041A11A /* YGTabBarController.h */ = {isa = PBXFileReference; lastKnownFileType = sourcecode.c.h; path = YGTabBarController.h; sourceTree = "<group>"; };
		021F3265219C24490041A11A /* YGTabBarController.m */ = {isa = PBXFileReference; lastKnownFileType = sourcecode.c.objc; path = YGTabBarController.m; sourceTree = "<group>"; };
		021F327D219C298F0041A11A /* YGBaseViewController.m */ = {isa = PBXFileReference; fileEncoding = 4; lastKnownFileType = sourcecode.c.objc; path = YGBaseViewController.m; sourceTree = "<group>"; };
		021F327E219C298F0041A11A /* YGBaseViewController.h */ = {isa = PBXFileReference; fileEncoding = 4; lastKnownFileType = sourcecode.c.h; path = YGBaseViewController.h; sourceTree = "<group>"; };
		021F3282219C299C0041A11A /* YGHomeViewController.m */ = {isa = PBXFileReference; fileEncoding = 4; lastKnownFileType = sourcecode.c.objc; path = YGHomeViewController.m; sourceTree = "<group>"; };
		021F3283219C299C0041A11A /* YGHomeViewController.h */ = {isa = PBXFileReference; fileEncoding = 4; lastKnownFileType = sourcecode.c.h; path = YGHomeViewController.h; sourceTree = "<group>"; };
		021F3287219C29BA0041A11A /* YGDiscoveryViewController.h */ = {isa = PBXFileReference; fileEncoding = 4; lastKnownFileType = sourcecode.c.h; path = YGDiscoveryViewController.h; sourceTree = "<group>"; };
		021F3288219C29BA0041A11A /* YGDiscoveryViewController.m */ = {isa = PBXFileReference; fileEncoding = 4; lastKnownFileType = sourcecode.c.objc; path = YGDiscoveryViewController.m; sourceTree = "<group>"; };
		021F328C219C29C20041A11A /* YGMessageViewController.m */ = {isa = PBXFileReference; fileEncoding = 4; lastKnownFileType = sourcecode.c.objc; path = YGMessageViewController.m; sourceTree = "<group>"; };
		021F328D219C29C20041A11A /* YGMessageViewController.h */ = {isa = PBXFileReference; fileEncoding = 4; lastKnownFileType = sourcecode.c.h; path = YGMessageViewController.h; sourceTree = "<group>"; };
		021F3290219C29CA0041A11A /* YGMineViewController.h */ = {isa = PBXFileReference; fileEncoding = 4; lastKnownFileType = sourcecode.c.h; path = YGMineViewController.h; sourceTree = "<group>"; };
		021F3291219C29CA0041A11A /* YGMineViewController.m */ = {isa = PBXFileReference; fileEncoding = 4; lastKnownFileType = sourcecode.c.objc; path = YGMineViewController.m; sourceTree = "<group>"; };
		021F3296219C29D30041A11A /* YGAccountViewController.m */ = {isa = PBXFileReference; fileEncoding = 4; lastKnownFileType = sourcecode.c.objc; path = YGAccountViewController.m; sourceTree = "<group>"; };
		021F3297219C29D30041A11A /* YGAccountViewController.h */ = {isa = PBXFileReference; fileEncoding = 4; lastKnownFileType = sourcecode.c.h; path = YGAccountViewController.h; sourceTree = "<group>"; };
		02AC5A8B219FB1200092BB46 /* YGBindCardViewController.h */ = {isa = PBXFileReference; lastKnownFileType = sourcecode.c.h; path = YGBindCardViewController.h; sourceTree = "<group>"; };
		02AC5A8C219FB1200092BB46 /* YGBindCardViewController.m */ = {isa = PBXFileReference; lastKnownFileType = sourcecode.c.objc; path = YGBindCardViewController.m; sourceTree = "<group>"; };
		02AC5A8D219FB1200092BB46 /* YGBindCardViewController.xib */ = {isa = PBXFileReference; lastKnownFileType = file.xib; path = YGBindCardViewController.xib; sourceTree = "<group>"; };
		02AC5A9021A055200092BB46 /* YGBankCardValidateViewController.h */ = {isa = PBXFileReference; lastKnownFileType = sourcecode.c.h; path = YGBankCardValidateViewController.h; sourceTree = "<group>"; };
		02AC5A9121A055200092BB46 /* YGBankCardValidateViewController.m */ = {isa = PBXFileReference; lastKnownFileType = sourcecode.c.objc; path = YGBankCardValidateViewController.m; sourceTree = "<group>"; };
		02AC5A9221A055200092BB46 /* YGBankCardValidateViewController.xib */ = {isa = PBXFileReference; lastKnownFileType = file.xib; path = YGBankCardValidateViewController.xib; sourceTree = "<group>"; };
		02AC5A9E21A0601C0092BB46 /* YGUserInfoViewController.h */ = {isa = PBXFileReference; lastKnownFileType = sourcecode.c.h; path = YGUserInfoViewController.h; sourceTree = "<group>"; };
		02AC5A9F21A0601C0092BB46 /* YGUserInfoViewController.m */ = {isa = PBXFileReference; lastKnownFileType = sourcecode.c.objc; path = YGUserInfoViewController.m; sourceTree = "<group>"; };
		02AC5AA021A0601C0092BB46 /* YGUserInfoViewController.xib */ = {isa = PBXFileReference; lastKnownFileType = file.xib; path = YGUserInfoViewController.xib; sourceTree = "<group>"; };
		02AC5AA321A062910092BB46 /* YGSettingViewController.h */ = {isa = PBXFileReference; lastKnownFileType = sourcecode.c.h; path = YGSettingViewController.h; sourceTree = "<group>"; };
		02AC5AA421A062910092BB46 /* YGSettingViewController.m */ = {isa = PBXFileReference; lastKnownFileType = sourcecode.c.objc; path = YGSettingViewController.m; sourceTree = "<group>"; };
		02AC5AA521A062910092BB46 /* YGSettingViewController.xib */ = {isa = PBXFileReference; lastKnownFileType = file.xib; path = YGSettingViewController.xib; sourceTree = "<group>"; };
		02AC5AA821A068BB0092BB46 /* YGAuthTool.h */ = {isa = PBXFileReference; lastKnownFileType = sourcecode.c.h; path = YGAuthTool.h; sourceTree = "<group>"; };
		02AC5AA921A068BB0092BB46 /* YGAuthTool.m */ = {isa = PBXFileReference; lastKnownFileType = sourcecode.c.objc; path = YGAuthTool.m; sourceTree = "<group>"; };
		02AC5AAB21A0693A0092BB46 /* YGAlertTool.h */ = {isa = PBXFileReference; lastKnownFileType = sourcecode.c.h; path = YGAlertTool.h; sourceTree = "<group>"; };
		02AC5AAC21A0693A0092BB46 /* YGAlertTool.m */ = {isa = PBXFileReference; lastKnownFileType = sourcecode.c.objc; path = YGAlertTool.m; sourceTree = "<group>"; };
		02AC5AAE21A06ACA0092BB46 /* YGUtils.h */ = {isa = PBXFileReference; lastKnownFileType = sourcecode.c.h; path = YGUtils.h; sourceTree = "<group>"; };
		02AC5AAF21A06ACA0092BB46 /* YGUtils.m */ = {isa = PBXFileReference; lastKnownFileType = sourcecode.c.objc; path = YGUtils.m; sourceTree = "<group>"; };
		02AC5AB121A0712D0092BB46 /* YGModifyViewController.h */ = {isa = PBXFileReference; lastKnownFileType = sourcecode.c.h; path = YGModifyViewController.h; sourceTree = "<group>"; };
		02AC5AB221A0712D0092BB46 /* YGModifyViewController.m */ = {isa = PBXFileReference; lastKnownFileType = sourcecode.c.objc; path = YGModifyViewController.m; sourceTree = "<group>"; };
		02AC5AB321A0712D0092BB46 /* YGModifyViewController.xib */ = {isa = PBXFileReference; lastKnownFileType = file.xib; path = YGModifyViewController.xib; sourceTree = "<group>"; };
		02AC5ABE21A1153B0092BB46 /* YGSafeViewController.h */ = {isa = PBXFileReference; lastKnownFileType = sourcecode.c.h; path = YGSafeViewController.h; sourceTree = "<group>"; };
		02AC5ABF21A1153B0092BB46 /* YGSafeViewController.m */ = {isa = PBXFileReference; lastKnownFileType = sourcecode.c.objc; path = YGSafeViewController.m; sourceTree = "<group>"; };
		02AC5AC021A1153B0092BB46 /* YGSafeViewController.xib */ = {isa = PBXFileReference; lastKnownFileType = file.xib; path = YGSafeViewController.xib; sourceTree = "<group>"; };
		02AC5AC321A118990092BB46 /* YGPwdViewController.h */ = {isa = PBXFileReference; lastKnownFileType = sourcecode.c.h; path = YGPwdViewController.h; sourceTree = "<group>"; };
		02AC5AC421A118990092BB46 /* YGPwdViewController.m */ = {isa = PBXFileReference; lastKnownFileType = sourcecode.c.objc; path = YGPwdViewController.m; sourceTree = "<group>"; };
		02AC5AC521A118990092BB46 /* YGPwdViewController.xib */ = {isa = PBXFileReference; lastKnownFileType = file.xib; path = YGPwdViewController.xib; sourceTree = "<group>"; };
		02AC5AC821A11A700092BB46 /* YGAboutViewController.h */ = {isa = PBXFileReference; lastKnownFileType = sourcecode.c.h; path = YGAboutViewController.h; sourceTree = "<group>"; };
		02AC5AC921A11A700092BB46 /* YGAboutViewController.m */ = {isa = PBXFileReference; lastKnownFileType = sourcecode.c.objc; path = YGAboutViewController.m; sourceTree = "<group>"; };
		02AC5ACA21A11A700092BB46 /* YGAboutViewController.xib */ = {isa = PBXFileReference; lastKnownFileType = file.xib; path = YGAboutViewController.xib; sourceTree = "<group>"; };
		02AC5ACD21A15E5F0092BB46 /* YGWebViewController.h */ = {isa = PBXFileReference; lastKnownFileType = sourcecode.c.h; path = YGWebViewController.h; sourceTree = "<group>"; };
		02AC5ACE21A15E5F0092BB46 /* YGWebViewController.m */ = {isa = PBXFileReference; lastKnownFileType = sourcecode.c.objc; path = YGWebViewController.m; sourceTree = "<group>"; };
		02AC5AD021A15E760092BB46 /* WebKit.framework */ = {isa = PBXFileReference; lastKnownFileType = wrapper.framework; name = WebKit.framework; path = System/Library/Frameworks/WebKit.framework; sourceTree = SDKROOT; };
		02AC5AD221A161B90092BB46 /* YGContactUsViewController.h */ = {isa = PBXFileReference; lastKnownFileType = sourcecode.c.h; path = YGContactUsViewController.h; sourceTree = "<group>"; };
		02AC5AD321A161B90092BB46 /* YGContactUsViewController.m */ = {isa = PBXFileReference; lastKnownFileType = sourcecode.c.objc; path = YGContactUsViewController.m; sourceTree = "<group>"; };
		02AC5AD421A161B90092BB46 /* YGContactUsViewController.xib */ = {isa = PBXFileReference; lastKnownFileType = file.xib; path = YGContactUsViewController.xib; sourceTree = "<group>"; };
		02AC5AD721A1690F0092BB46 /* YGBankViewController.h */ = {isa = PBXFileReference; lastKnownFileType = sourcecode.c.h; path = YGBankViewController.h; sourceTree = "<group>"; };
		02AC5AD821A1690F0092BB46 /* YGBankViewController.m */ = {isa = PBXFileReference; lastKnownFileType = sourcecode.c.objc; path = YGBankViewController.m; sourceTree = "<group>"; };
		02AC5AD921A1690F0092BB46 /* YGBankViewController.xib */ = {isa = PBXFileReference; lastKnownFileType = file.xib; path = YGBankViewController.xib; sourceTree = "<group>"; };
		02AC5ADC21A169B30092BB46 /* YGBankTableViewCell.h */ = {isa = PBXFileReference; lastKnownFileType = sourcecode.c.h; path = YGBankTableViewCell.h; sourceTree = "<group>"; };
		02AC5ADD21A169B30092BB46 /* YGBankTableViewCell.m */ = {isa = PBXFileReference; lastKnownFileType = sourcecode.c.objc; path = YGBankTableViewCell.m; sourceTree = "<group>"; };
		02AC5ADE21A169B30092BB46 /* YGBankTableViewCell.xib */ = {isa = PBXFileReference; lastKnownFileType = file.xib; path = YGBankTableViewCell.xib; sourceTree = "<group>"; };
		02AC5AE121A189590092BB46 /* YGChargeViewController.h */ = {isa = PBXFileReference; lastKnownFileType = sourcecode.c.h; path = YGChargeViewController.h; sourceTree = "<group>"; };
		02AC5AE221A189590092BB46 /* YGChargeViewController.m */ = {isa = PBXFileReference; lastKnownFileType = sourcecode.c.objc; path = YGChargeViewController.m; sourceTree = "<group>"; };
		02AC5AE421A189850092BB46 /* YGBindCardView.h */ = {isa = PBXFileReference; lastKnownFileType = sourcecode.c.h; path = YGBindCardView.h; sourceTree = "<group>"; };
		02AC5AE521A189850092BB46 /* YGBindCardView.m */ = {isa = PBXFileReference; lastKnownFileType = sourcecode.c.objc; path = YGBindCardView.m; sourceTree = "<group>"; };
		02AC5AE721A189980092BB46 /* YGBindCardView.xib */ = {isa = PBXFileReference; lastKnownFileType = file.xib; path = YGBindCardView.xib; sourceTree = "<group>"; };
		02AC5AE921A198CE0092BB46 /* YGSegView.h */ = {isa = PBXFileReference; lastKnownFileType = sourcecode.c.h; path = YGSegView.h; sourceTree = "<group>"; };
		02AC5AEA21A198CE0092BB46 /* YGSegView.m */ = {isa = PBXFileReference; lastKnownFileType = sourcecode.c.objc; path = YGSegView.m; sourceTree = "<group>"; };
		02AC5AEC21A198DD0092BB46 /* YGSegView.xib */ = {isa = PBXFileReference; lastKnownFileType = file.xib; path = YGSegView.xib; sourceTree = "<group>"; };
		02AC5AEE21A19FB60092BB46 /* YGMineHeaderView.h */ = {isa = PBXFileReference; lastKnownFileType = sourcecode.c.h; path = YGMineHeaderView.h; sourceTree = "<group>"; };
		02AC5AEF21A19FB60092BB46 /* YGMineHeaderView.m */ = {isa = PBXFileReference; lastKnownFileType = sourcecode.c.objc; path = YGMineHeaderView.m; sourceTree = "<group>"; };
		02AC5AF121A19FC90092BB46 /* YGMineFooterView.h */ = {isa = PBXFileReference; lastKnownFileType = sourcecode.c.h; path = YGMineFooterView.h; sourceTree = "<group>"; };
		02AC5AF221A19FC90092BB46 /* YGMineFooterView.m */ = {isa = PBXFileReference; lastKnownFileType = sourcecode.c.objc; path = YGMineFooterView.m; sourceTree = "<group>"; };
		02AC5AF621A19FF00092BB46 /* YGMineFooterView.xib */ = {isa = PBXFileReference; lastKnownFileType = file.xib; path = YGMineFooterView.xib; sourceTree = "<group>"; };
		02AC5AF821A1A5BF0092BB46 /* YGCollectionViewCell.h */ = {isa = PBXFileReference; lastKnownFileType = sourcecode.c.h; path = YGCollectionViewCell.h; sourceTree = "<group>"; };
		02AC5AF921A1A5BF0092BB46 /* YGCollectionViewCell.m */ = {isa = PBXFileReference; lastKnownFileType = sourcecode.c.objc; path = YGCollectionViewCell.m; sourceTree = "<group>"; };
		02AC5AFA21A1A5BF0092BB46 /* YGCollectionViewCell.xib */ = {isa = PBXFileReference; lastKnownFileType = file.xib; path = YGCollectionViewCell.xib; sourceTree = "<group>"; };
		02CC5A3121A1B2B600BFBCD6 /* YGOrderViewController.h */ = {isa = PBXFileReference; lastKnownFileType = sourcecode.c.h; path = YGOrderViewController.h; sourceTree = "<group>"; };
		02CC5A3221A1B2B600BFBCD6 /* YGOrderViewController.m */ = {isa = PBXFileReference; lastKnownFileType = sourcecode.c.objc; path = YGOrderViewController.m; sourceTree = "<group>"; };
		02CC5A3321A1B2B600BFBCD6 /* YGOrderViewController.xib */ = {isa = PBXFileReference; lastKnownFileType = file.xib; path = YGOrderViewController.xib; sourceTree = "<group>"; };
		02CD775621A2DAA7009A9892 /* YGMessageDefaultView.h */ = {isa = PBXFileReference; fileEncoding = 4; lastKnownFileType = sourcecode.c.h; path = YGMessageDefaultView.h; sourceTree = "<group>"; };
		02CD775721A2DAA7009A9892 /* YGMessageDefaultView.m */ = {isa = PBXFileReference; fileEncoding = 4; lastKnownFileType = sourcecode.c.objc; path = YGMessageDefaultView.m; sourceTree = "<group>"; };
		02CD775821A2DAA7009A9892 /* YGMessageDefaultView.xib */ = {isa = PBXFileReference; fileEncoding = 4; lastKnownFileType = file.xib; path = YGMessageDefaultView.xib; sourceTree = "<group>"; };
		02CD775921A2DAA7009A9892 /* YGMessageSegView.m */ = {isa = PBXFileReference; fileEncoding = 4; lastKnownFileType = sourcecode.c.objc; path = YGMessageSegView.m; sourceTree = "<group>"; };
		02CD775A21A2DAA7009A9892 /* YGMessageSegView.h */ = {isa = PBXFileReference; fileEncoding = 4; lastKnownFileType = sourcecode.c.h; path = YGMessageSegView.h; sourceTree = "<group>"; };
		02CD775E21A2E005009A9892 /* YGMessageCollectionViewCell.h */ = {isa = PBXFileReference; lastKnownFileType = sourcecode.c.h; path = YGMessageCollectionViewCell.h; sourceTree = "<group>"; };
		02CD775F21A2E005009A9892 /* YGMessageCollectionViewCell.m */ = {isa = PBXFileReference; lastKnownFileType = sourcecode.c.objc; path = YGMessageCollectionViewCell.m; sourceTree = "<group>"; };
		02CD776021A2E005009A9892 /* YGMessageCollectionViewCell.xib */ = {isa = PBXFileReference; lastKnownFileType = file.xib; path = YGMessageCollectionViewCell.xib; sourceTree = "<group>"; };
		02CD776321A2E323009A9892 /* YGMessageTableViewCell.h */ = {isa = PBXFileReference; lastKnownFileType = sourcecode.c.h; path = YGMessageTableViewCell.h; sourceTree = "<group>"; };
		02CD776421A2E323009A9892 /* YGMessageTableViewCell.m */ = {isa = PBXFileReference; lastKnownFileType = sourcecode.c.objc; path = YGMessageTableViewCell.m; sourceTree = "<group>"; };
		02CD776521A2E323009A9892 /* YGMessageTableViewCell.xib */ = {isa = PBXFileReference; lastKnownFileType = file.xib; path = YGMessageTableViewCell.xib; sourceTree = "<group>"; };
		02F2A4E321A2594A00454F8D /* YGTransactionTableViewCell.h */ = {isa = PBXFileReference; lastKnownFileType = sourcecode.c.h; path = YGTransactionTableViewCell.h; sourceTree = "<group>"; };
		02F2A4E421A2594A00454F8D /* YGTransactionTableViewCell.m */ = {isa = PBXFileReference; lastKnownFileType = sourcecode.c.objc; path = YGTransactionTableViewCell.m; sourceTree = "<group>"; };
		02F2A4E521A2594A00454F8D /* YGTransactionTableViewCell.xib */ = {isa = PBXFileReference; lastKnownFileType = file.xib; path = YGTransactionTableViewCell.xib; sourceTree = "<group>"; };
		02F2A4ED21A287AC00454F8D /* UITableViewCell+Arrow.h */ = {isa = PBXFileReference; lastKnownFileType = sourcecode.c.h; path = "UITableViewCell+Arrow.h"; sourceTree = "<group>"; };
		02F2A4EE21A287AC00454F8D /* UITableViewCell+Arrow.m */ = {isa = PBXFileReference; lastKnownFileType = sourcecode.c.objc; path = "UITableViewCell+Arrow.m"; sourceTree = "<group>"; };
		02F2A4F021A2899300454F8D /* arrow@2x.png */ = {isa = PBXFileReference; lastKnownFileType = image.png; path = "arrow@2x.png"; sourceTree = "<group>"; };
		02F2A4F221A2899D00454F8D /* arrow@3x.png */ = {isa = PBXFileReference; lastKnownFileType = image.png; path = "arrow@3x.png"; sourceTree = "<group>"; };
		2E305EC521A2934200FCF123 /* UIViewController+Custom.h */ = {isa = PBXFileReference; lastKnownFileType = sourcecode.c.h; path = "UIViewController+Custom.h"; sourceTree = "<group>"; };
		2E305EC621A2934200FCF123 /* UIViewController+Custom.m */ = {isa = PBXFileReference; lastKnownFileType = sourcecode.c.objc; path = "UIViewController+Custom.m"; sourceTree = "<group>"; };
		2E305EC921A2962B00FCF123 /* HomeTableViewCell.h */ = {isa = PBXFileReference; lastKnownFileType = sourcecode.c.h; path = HomeTableViewCell.h; sourceTree = "<group>"; };
		2E305ECA21A2962B00FCF123 /* HomeTableViewCell.m */ = {isa = PBXFileReference; lastKnownFileType = sourcecode.c.objc; path = HomeTableViewCell.m; sourceTree = "<group>"; };
		2E9EA73A21A2F904002EF478 /* GoodsCollectionViewCell.h */ = {isa = PBXFileReference; lastKnownFileType = sourcecode.c.h; path = GoodsCollectionViewCell.h; sourceTree = "<group>"; };
		2E9EA73B21A2F904002EF478 /* GoodsCollectionViewCell.m */ = {isa = PBXFileReference; lastKnownFileType = sourcecode.c.objc; path = GoodsCollectionViewCell.m; sourceTree = "<group>"; };
		2EDDE553219D51430009DDC1 /* mine_setting@2x.png */ = {isa = PBXFileReference; lastKnownFileType = image.png; path = "mine_setting@2x.png"; sourceTree = "<group>"; };
		2EDDE554219D51430009DDC1 /* rollout_selected@2x.png */ = {isa = PBXFileReference; lastKnownFileType = image.png; path = "rollout_selected@2x.png"; sourceTree = "<group>"; };
		2EDDE555219D51430009DDC1 /* eyes_secret@2x.png */ = {isa = PBXFileReference; lastKnownFileType = image.png; path = "eyes_secret@2x.png"; sourceTree = "<group>"; };
		2EDDE556219D51430009DDC1 /* tabbar_coin@2x.png */ = {isa = PBXFileReference; lastKnownFileType = image.png; path = "tabbar_coin@2x.png"; sourceTree = "<group>"; };
		2EDDE557219D51430009DDC1 /* home_im@2x.png */ = {isa = PBXFileReference; lastKnownFileType = image.png; path = "home_im@2x.png"; sourceTree = "<group>"; };
		2EDDE558219D51430009DDC1 /* tabbar_message@2x.png */ = {isa = PBXFileReference; lastKnownFileType = image.png; path = "tabbar_message@2x.png"; sourceTree = "<group>"; };
		2EDDE559219D51430009DDC1 /* tabbar_home@2x.png */ = {isa = PBXFileReference; lastKnownFileType = image.png; path = "tabbar_home@2x.png"; sourceTree = "<group>"; };
		2EDDE55A219D51430009DDC1 /* tabbar_discovery@2x.png */ = {isa = PBXFileReference; lastKnownFileType = image.png; path = "tabbar_discovery@2x.png"; sourceTree = "<group>"; };
		2EDDE55B219D51430009DDC1 /* tabbar_home_selected@2x.png */ = {isa = PBXFileReference; lastKnownFileType = image.png; path = "tabbar_home_selected@2x.png"; sourceTree = "<group>"; };
		2EDDE55C219D51430009DDC1 /* mine_huodong@2x.png */ = {isa = PBXFileReference; lastKnownFileType = image.png; path = "mine_huodong@2x.png"; sourceTree = "<group>"; };
		2EDDE55D219D51430009DDC1 /* tabbar_message_selected@2x.png */ = {isa = PBXFileReference; lastKnownFileType = image.png; path = "tabbar_message_selected@2x.png"; sourceTree = "<group>"; };
		2EDDE55E219D51430009DDC1 /* shared_icon@2x.png */ = {isa = PBXFileReference; lastKnownFileType = image.png; path = "shared_icon@2x.png"; sourceTree = "<group>"; };
		2EDDE55F219D51430009DDC1 /* rollout_unselected@2x.png */ = {isa = PBXFileReference; lastKnownFileType = image.png; path = "rollout_unselected@2x.png"; sourceTree = "<group>"; };
		2EDDE560219D51430009DDC1 /* mine_recharge@2x.png */ = {isa = PBXFileReference; lastKnownFileType = image.png; path = "mine_recharge@2x.png"; sourceTree = "<group>"; };
		2EDDE561219D51430009DDC1 /* mine_bankcard@2x.png */ = {isa = PBXFileReference; lastKnownFileType = image.png; path = "mine_bankcard@2x.png"; sourceTree = "<group>"; };
		2EDDE562219D51430009DDC1 /* recharge_selected@2x.png */ = {isa = PBXFileReference; lastKnownFileType = image.png; path = "recharge_selected@2x.png"; sourceTree = "<group>"; };
		2EDDE563219D51430009DDC1 /* mine_rollout@2x.png */ = {isa = PBXFileReference; lastKnownFileType = image.png; path = "mine_rollout@2x.png"; sourceTree = "<group>"; };
		2EDDE564219D51430009DDC1 /* mine_message@2x.png */ = {isa = PBXFileReference; lastKnownFileType = image.png; path = "mine_message@2x.png"; sourceTree = "<group>"; };
		2EDDE565219D51430009DDC1 /* recharge_unselected@2x.png */ = {isa = PBXFileReference; lastKnownFileType = image.png; path = "recharge_unselected@2x.png"; sourceTree = "<group>"; };
		2EDDE566219D51430009DDC1 /* nav_back@2x.png */ = {isa = PBXFileReference; lastKnownFileType = image.png; path = "nav_back@2x.png"; sourceTree = "<group>"; };
		2EDDE567219D51430009DDC1 /* tabbar_discovery_selected@2x.png */ = {isa = PBXFileReference; lastKnownFileType = image.png; path = "tabbar_discovery_selected@2x.png"; sourceTree = "<group>"; };
		2EDDE568219D51430009DDC1 /* tabbar_mine_selected@2x.png */ = {isa = PBXFileReference; lastKnownFileType = image.png; path = "tabbar_mine_selected@2x.png"; sourceTree = "<group>"; };
		2EDDE569219D51430009DDC1 /* eyes_unsecret@2x.png */ = {isa = PBXFileReference; lastKnownFileType = image.png; path = "eyes_unsecret@2x.png"; sourceTree = "<group>"; };
		2EDDE56A219D51430009DDC1 /* common_refresh@2x.png */ = {isa = PBXFileReference; lastKnownFileType = image.png; path = "common_refresh@2x.png"; sourceTree = "<group>"; };
		2EDDE56B219D51430009DDC1 /* mine_transaction@2x.png */ = {isa = PBXFileReference; lastKnownFileType = image.png; path = "mine_transaction@2x.png"; sourceTree = "<group>"; };
		2EDDE56C219D51430009DDC1 /* tabbar_coin_selected@2x.png */ = {isa = PBXFileReference; lastKnownFileType = image.png; path = "tabbar_coin_selected@2x.png"; sourceTree = "<group>"; };
		2EDDE56D219D51430009DDC1 /* tabbar_mine@2x.png */ = {isa = PBXFileReference; lastKnownFileType = image.png; path = "tabbar_mine@2x.png"; sourceTree = "<group>"; };
		2EDDE56F219D51430009DDC1 /* mine_huodong@3x.png */ = {isa = PBXFileReference; lastKnownFileType = image.png; path = "mine_huodong@3x.png"; sourceTree = "<group>"; };
		2EDDE570219D51430009DDC1 /* tabbar_home_selected@3x.png */ = {isa = PBXFileReference; lastKnownFileType = image.png; path = "tabbar_home_selected@3x.png"; sourceTree = "<group>"; };
		2EDDE571219D51430009DDC1 /* tabbar_discovery@3x.png */ = {isa = PBXFileReference; lastKnownFileType = image.png; path = "tabbar_discovery@3x.png"; sourceTree = "<group>"; };
		2EDDE572219D51430009DDC1 /* tabbar_home@3x.png */ = {isa = PBXFileReference; lastKnownFileType = image.png; path = "tabbar_home@3x.png"; sourceTree = "<group>"; };
		2EDDE573219D51430009DDC1 /* home_im@3x.png */ = {isa = PBXFileReference; lastKnownFileType = image.png; path = "home_im@3x.png"; sourceTree = "<group>"; };
		2EDDE574219D51430009DDC1 /* tabbar_message@3x.png */ = {isa = PBXFileReference; lastKnownFileType = image.png; path = "tabbar_message@3x.png"; sourceTree = "<group>"; };
		2EDDE575219D51430009DDC1 /* tabbar_coin@3x.png */ = {isa = PBXFileReference; lastKnownFileType = image.png; path = "tabbar_coin@3x.png"; sourceTree = "<group>"; };
		2EDDE576219D51430009DDC1 /* eyes_secret@3x.png */ = {isa = PBXFileReference; lastKnownFileType = image.png; path = "eyes_secret@3x.png"; sourceTree = "<group>"; };
		2EDDE577219D51430009DDC1 /* rollout_selected@3x.png */ = {isa = PBXFileReference; lastKnownFileType = image.png; path = "rollout_selected@3x.png"; sourceTree = "<group>"; };
		2EDDE578219D51430009DDC1 /* mine_setting@3x.png */ = {isa = PBXFileReference; lastKnownFileType = image.png; path = "mine_setting@3x.png"; sourceTree = "<group>"; };
		2EDDE579219D51430009DDC1 /* rollout_unselected@3x.png */ = {isa = PBXFileReference; lastKnownFileType = image.png; path = "rollout_unselected@3x.png"; sourceTree = "<group>"; };
		2EDDE57A219D51430009DDC1 /* shared_icon@3x.png */ = {isa = PBXFileReference; lastKnownFileType = image.png; path = "shared_icon@3x.png"; sourceTree = "<group>"; };
		2EDDE57B219D51430009DDC1 /* tabbar_message_selected@3x.png */ = {isa = PBXFileReference; lastKnownFileType = image.png; path = "tabbar_message_selected@3x.png"; sourceTree = "<group>"; };
		2EDDE57C219D51430009DDC1 /* recharge_unselected@3x.png */ = {isa = PBXFileReference; lastKnownFileType = image.png; path = "recharge_unselected@3x.png"; sourceTree = "<group>"; };
		2EDDE57D219D51430009DDC1 /* mine_message@3x.png */ = {isa = PBXFileReference; lastKnownFileType = image.png; path = "mine_message@3x.png"; sourceTree = "<group>"; };
		2EDDE57E219D51430009DDC1 /* recharge_selected@3x.png */ = {isa = PBXFileReference; lastKnownFileType = image.png; path = "recharge_selected@3x.png"; sourceTree = "<group>"; };
		2EDDE57F219D51430009DDC1 /* mine_rollout@3x.png */ = {isa = PBXFileReference; lastKnownFileType = image.png; path = "mine_rollout@3x.png"; sourceTree = "<group>"; };
		2EDDE580219D51430009DDC1 /* mine_bankcard@3x.png */ = {isa = PBXFileReference; lastKnownFileType = image.png; path = "mine_bankcard@3x.png"; sourceTree = "<group>"; };
		2EDDE581219D51430009DDC1 /* mine_recharge@3x.png */ = {isa = PBXFileReference; lastKnownFileType = image.png; path = "mine_recharge@3x.png"; sourceTree = "<group>"; };
		2EDDE582219D51430009DDC1 /* tabbar_mine@3x.png */ = {isa = PBXFileReference; lastKnownFileType = image.png; path = "tabbar_mine@3x.png"; sourceTree = "<group>"; };
		2EDDE583219D51430009DDC1 /* tabbar_coin_selected@3x.png */ = {isa = PBXFileReference; lastKnownFileType = image.png; path = "tabbar_coin_selected@3x.png"; sourceTree = "<group>"; };
		2EDDE584219D51430009DDC1 /* mine_transaction@3x.png */ = {isa = PBXFileReference; lastKnownFileType = image.png; path = "mine_transaction@3x.png"; sourceTree = "<group>"; };
		2EDDE585219D51430009DDC1 /* common_refresh@3x.png */ = {isa = PBXFileReference; lastKnownFileType = image.png; path = "common_refresh@3x.png"; sourceTree = "<group>"; };
		2EDDE586219D51430009DDC1 /* eyes_unsecret@3x.png */ = {isa = PBXFileReference; lastKnownFileType = image.png; path = "eyes_unsecret@3x.png"; sourceTree = "<group>"; };
		2EDDE587219D51430009DDC1 /* tabbar_mine_selected@3x.png */ = {isa = PBXFileReference; lastKnownFileType = image.png; path = "tabbar_mine_selected@3x.png"; sourceTree = "<group>"; };
		2EDDE588219D51430009DDC1 /* tabbar_discovery_selected@3x.png */ = {isa = PBXFileReference; lastKnownFileType = image.png; path = "tabbar_discovery_selected@3x.png"; sourceTree = "<group>"; };
		2EDDE589219D51430009DDC1 /* nav_back@3x.png */ = {isa = PBXFileReference; lastKnownFileType = image.png; path = "nav_back@3x.png"; sourceTree = "<group>"; };
		2EDDE5C2219D604D0009DDC1 /* PrefixHeader.pch */ = {isa = PBXFileReference; lastKnownFileType = sourcecode.c.h; path = PrefixHeader.pch; sourceTree = "<group>"; };
		2EDDE5C7219EB8EF0009DDC1 /* Theme.h */ = {isa = PBXFileReference; fileEncoding = 4; lastKnownFileType = sourcecode.c.h; path = Theme.h; sourceTree = "<group>"; };
		2EDDE5CB219EBA160009DDC1 /* UIImage+Color.h */ = {isa = PBXFileReference; lastKnownFileType = sourcecode.c.h; path = "UIImage+Color.h"; sourceTree = "<group>"; };
		2EDDE5CC219EBA160009DDC1 /* UIImage+Color.m */ = {isa = PBXFileReference; lastKnownFileType = sourcecode.c.objc; path = "UIImage+Color.m"; sourceTree = "<group>"; };
		2EDDE5CE219EBAB50009DDC1 /* YGBaseNavgationViewController.h */ = {isa = PBXFileReference; lastKnownFileType = sourcecode.c.h; path = YGBaseNavgationViewController.h; sourceTree = "<group>"; };
		2EDDE5CF219EBAB50009DDC1 /* YGBaseNavgationViewController.m */ = {isa = PBXFileReference; lastKnownFileType = sourcecode.c.objc; path = YGBaseNavgationViewController.m; sourceTree = "<group>"; };
		2EDDE5D2219ED2CA0009DDC1 /* WechatIMG125.png */ = {isa = PBXFileReference; lastKnownFileType = image.png; path = WechatIMG125.png; sourceTree = "<group>"; };
		2EDDE5D3219ED2CA0009DDC1 /* 《名门电竞》APP需求文档2.pdf */ = {isa = PBXFileReference; lastKnownFileType = image.pdf; path = "《名门电竞》APP需求文档2.pdf"; sourceTree = "<group>"; };
		2EDDE5D4219ED2CA0009DDC1 /* 电竞UI.zip */ = {isa = PBXFileReference; lastKnownFileType = archive.zip; path = "电竞UI.zip"; sourceTree = "<group>"; };
		2EDDE5D5219ED2CA0009DDC1 /* 《名门电竞》APP需求文档.pdf */ = {isa = PBXFileReference; lastKnownFileType = image.pdf; path = "《名门电竞》APP需求文档.pdf"; sourceTree = "<group>"; };
		2EDDE5D6219ED2CA0009DDC1 /* 电竞icon.zip */ = {isa = PBXFileReference; lastKnownFileType = archive.zip; path = "电竞icon.zip"; sourceTree = "<group>"; };
		369D04C75DB347A41E04FFEC /* Pods-YaloGame.release.xcconfig */ = {isa = PBXFileReference; includeInIndex = 1; lastKnownFileType = text.xcconfig; name = "Pods-YaloGame.release.xcconfig"; path = "Pods/Target Support Files/Pods-YaloGame/Pods-YaloGame.release.xcconfig"; sourceTree = "<group>"; };
		86BE56C2497561B0FD853AA3 /* Pods-YaloGame.debug.xcconfig */ = {isa = PBXFileReference; includeInIndex = 1; lastKnownFileType = text.xcconfig; name = "Pods-YaloGame.debug.xcconfig"; path = "Pods/Target Support Files/Pods-YaloGame/Pods-YaloGame.debug.xcconfig"; sourceTree = "<group>"; };
		EF86CA6935AED6F166B62CC6 /* Pods_YaloGame.framework */ = {isa = PBXFileReference; explicitFileType = wrapper.framework; includeInIndex = 0; path = Pods_YaloGame.framework; sourceTree = BUILT_PRODUCTS_DIR; };
/* End PBXFileReference section */

/* Begin PBXFrameworksBuildPhase section */
		021F323D219C1E910041A11A /* Frameworks */ = {
			isa = PBXFrameworksBuildPhase;
			buildActionMask = 2147483647;
			files = (
				02AC5AD121A15E760092BB46 /* WebKit.framework in Frameworks */,
				493D7C1868E436525CE6F085 /* Pods_YaloGame.framework in Frameworks */,
			);
			runOnlyForDeploymentPostprocessing = 0;
		};
/* End PBXFrameworksBuildPhase section */

/* Begin PBXGroup section */
		021F3237219C1E910041A11A = {
			isa = PBXGroup;
			children = (
				2EDDE5D1219ED2CA0009DDC1 /* 文档 */,
				021F3242219C1E910041A11A /* YaloGame */,
				021F3241219C1E910041A11A /* Products */,
				36B9CA3A44E5FC61BC5B0111 /* Pods */,
				560AF449526D84E57D51F534 /* Frameworks */,
			);
			sourceTree = "<group>";
		};
		021F3241219C1E910041A11A /* Products */ = {
			isa = PBXGroup;
			children = (
				021F3240219C1E910041A11A /* YaloGame.app */,
			);
			name = Products;
			sourceTree = "<group>";
		};
		021F3242219C1E910041A11A /* YaloGame */ = {
			isa = PBXGroup;
			children = (
				2EDDE5C8219EB91B0009DDC1 /* Category */,
				2EDDE5C6219EB8EF0009DDC1 /* Macro */,
				2EDDE551219D11370009DDC1 /* Resource */,
				021F3268219C24900041A11A /* Common */,
				021F3260219C24010041A11A /* AppDelegate */,
				021F325A219C23D30041A11A /* Sections */,
				021F3259219C23D30041A11A /* TabBar */,
				021F3246219C1E910041A11A /* ViewController.h */,
				021F3247219C1E910041A11A /* ViewController.m */,
				021F3249219C1E920041A11A /* Main.storyboard */,
				021F324C219C1E940041A11A /* Assets.xcassets */,
				021F324E219C1E940041A11A /* LaunchScreen.storyboard */,
				021F3251219C1E940041A11A /* Info.plist */,
				021F3252219C1E940041A11A /* main.m */,
				2EDDE5C2219D604D0009DDC1 /* PrefixHeader.pch */,
			);
			path = YaloGame;
			sourceTree = "<group>";
		};
		021F3259219C23D30041A11A /* TabBar */ = {
			isa = PBXGroup;
			children = (
				021F3264219C24490041A11A /* YGTabBarController.h */,
				021F3265219C24490041A11A /* YGTabBarController.m */,
			);
			path = TabBar;
			sourceTree = "<group>";
		};
		021F325A219C23D30041A11A /* Sections */ = {
			isa = PBXGroup;
			children = (
				021F3267219C24860041A11A /* Basic */,
				021F325B219C23D30041A11A /* Home */,
				021F325C219C23D30041A11A /* Discovery */,
				021F325D219C23D30041A11A /* Message */,
				021F325E219C23D30041A11A /* Mine */,
				021F325F219C23D30041A11A /* Account */,
			);
			path = Sections;
			sourceTree = "<group>";
		};
		021F325B219C23D30041A11A /* Home */ = {
			isa = PBXGroup;
			children = (
				2E305EC821A2960800FCF123 /* Views */,
				021F3281219C299C0041A11A /* Controller */,
			);
			path = Home;
			sourceTree = "<group>";
		};
		021F325C219C23D30041A11A /* Discovery */ = {
			isa = PBXGroup;
			children = (
				021F3286219C29BA0041A11A /* Controller */,
				021F3285219C29BA0041A11A /* Views */,
			);
			path = Discovery;
			sourceTree = "<group>";
		};
		021F325D219C23D30041A11A /* Message */ = {
			isa = PBXGroup;
			children = (
				021F328B219C29C20041A11A /* Controller */,
				021F328A219C29C20041A11A /* Views */,
			);
			path = Message;
			sourceTree = "<group>";
		};
		021F325E219C23D30041A11A /* Mine */ = {
			isa = PBXGroup;
			children = (
				021F328F219C29CA0041A11A /* Controller */,
				021F3292219C29CA0041A11A /* Views */,
			);
			path = Mine;
			sourceTree = "<group>";
		};
		021F325F219C23D30041A11A /* Account */ = {
			isa = PBXGroup;
			children = (
				2E9EA73921A2F889002EF478 /* Views */,
				021F3295219C29D30041A11A /* Controller */,
			);
			path = Account;
			sourceTree = "<group>";
		};
		021F3260219C24010041A11A /* AppDelegate */ = {
			isa = PBXGroup;
			children = (
				021F3261219C24010041A11A /* AppDelegate.h */,
				021F3262219C24010041A11A /* AppDelegate.m */,
			);
			path = AppDelegate;
			sourceTree = "<group>";
		};
		021F3267219C24860041A11A /* Basic */ = {
			isa = PBXGroup;
			children = (
				021F327C219C298F0041A11A /* Controller */,
				021F327B219C298F0041A11A /* Views */,
			);
			path = Basic;
			sourceTree = "<group>";
		};
		021F3268219C24900041A11A /* Common */ = {
			isa = PBXGroup;
			children = (
				02AC5AA821A068BB0092BB46 /* YGAuthTool.h */,
				02AC5AA921A068BB0092BB46 /* YGAuthTool.m */,
				02AC5AAB21A0693A0092BB46 /* YGAlertTool.h */,
				02AC5AAC21A0693A0092BB46 /* YGAlertTool.m */,
				02AC5AAE21A06ACA0092BB46 /* YGUtils.h */,
				02AC5AAF21A06ACA0092BB46 /* YGUtils.m */,
			);
			path = Common;
			sourceTree = "<group>";
		};
		021F327B219C298F0041A11A /* Views */ = {
			isa = PBXGroup;
			children = (
			);
			path = Views;
			sourceTree = "<group>";
		};
		021F327C219C298F0041A11A /* Controller */ = {
			isa = PBXGroup;
			children = (
				021F327D219C298F0041A11A /* YGBaseViewController.m */,
				021F327E219C298F0041A11A /* YGBaseViewController.h */,
				2EDDE5CE219EBAB50009DDC1 /* YGBaseNavgationViewController.h */,
				2EDDE5CF219EBAB50009DDC1 /* YGBaseNavgationViewController.m */,
			);
			path = Controller;
			sourceTree = "<group>";
		};
		021F3281219C299C0041A11A /* Controller */ = {
			isa = PBXGroup;
			children = (
				021F3282219C299C0041A11A /* YGHomeViewController.m */,
				021F3283219C299C0041A11A /* YGHomeViewController.h */,
			);
			path = Controller;
			sourceTree = "<group>";
		};
		021F3285219C29BA0041A11A /* Views */ = {
			isa = PBXGroup;
			children = (
			);
			path = Views;
			sourceTree = "<group>";
		};
		021F3286219C29BA0041A11A /* Controller */ = {
			isa = PBXGroup;
			children = (
				021F3287219C29BA0041A11A /* YGDiscoveryViewController.h */,
				021F3288219C29BA0041A11A /* YGDiscoveryViewController.m */,
			);
			path = Controller;
			sourceTree = "<group>";
		};
		021F328A219C29C20041A11A /* Views */ = {
			isa = PBXGroup;
			children = (
				02CD775621A2DAA7009A9892 /* YGMessageDefaultView.h */,
				02CD775721A2DAA7009A9892 /* YGMessageDefaultView.m */,
				02CD775821A2DAA7009A9892 /* YGMessageDefaultView.xib */,
				02CD775A21A2DAA7009A9892 /* YGMessageSegView.h */,
				02CD775921A2DAA7009A9892 /* YGMessageSegView.m */,
				02CD775E21A2E005009A9892 /* YGMessageCollectionViewCell.h */,
				02CD775F21A2E005009A9892 /* YGMessageCollectionViewCell.m */,
				02CD776021A2E005009A9892 /* YGMessageCollectionViewCell.xib */,
				02CD776321A2E323009A9892 /* YGMessageTableViewCell.h */,
				02CD776421A2E323009A9892 /* YGMessageTableViewCell.m */,
				02CD776521A2E323009A9892 /* YGMessageTableViewCell.xib */,
			);
			path = Views;
			sourceTree = "<group>";
		};
		021F328B219C29C20041A11A /* Controller */ = {
			isa = PBXGroup;
			children = (
				021F328C219C29C20041A11A /* YGMessageViewController.m */,
				021F328D219C29C20041A11A /* YGMessageViewController.h */,
			);
			path = Controller;
			sourceTree = "<group>";
		};
		021F328F219C29CA0041A11A /* Controller */ = {
			isa = PBXGroup;
			children = (
				021F3290219C29CA0041A11A /* YGMineViewController.h */,
				021F3291219C29CA0041A11A /* YGMineViewController.m */,
				02AC5A8B219FB1200092BB46 /* YGBindCardViewController.h */,
				02AC5A8C219FB1200092BB46 /* YGBindCardViewController.m */,
				02AC5A9021A055200092BB46 /* YGBankCardValidateViewController.h */,
				02AC5A9121A055200092BB46 /* YGBankCardValidateViewController.m */,
				02AC5A9E21A0601C0092BB46 /* YGUserInfoViewController.h */,
				02AC5A9F21A0601C0092BB46 /* YGUserInfoViewController.m */,
				02AC5AA021A0601C0092BB46 /* YGUserInfoViewController.xib */,
				02AC5A9221A055200092BB46 /* YGBankCardValidateViewController.xib */,
				02AC5A8D219FB1200092BB46 /* YGBindCardViewController.xib */,
				02AC5AA321A062910092BB46 /* YGSettingViewController.h */,
				02AC5AA421A062910092BB46 /* YGSettingViewController.m */,
				02AC5AA521A062910092BB46 /* YGSettingViewController.xib */,
				02AC5AB121A0712D0092BB46 /* YGModifyViewController.h */,
				02AC5AB221A0712D0092BB46 /* YGModifyViewController.m */,
				02AC5AB321A0712D0092BB46 /* YGModifyViewController.xib */,
				02AC5ABE21A1153B0092BB46 /* YGSafeViewController.h */,
				02AC5ABF21A1153B0092BB46 /* YGSafeViewController.m */,
				02AC5AC021A1153B0092BB46 /* YGSafeViewController.xib */,
				02AC5AC321A118990092BB46 /* YGPwdViewController.h */,
				02AC5AC421A118990092BB46 /* YGPwdViewController.m */,
				02AC5AC521A118990092BB46 /* YGPwdViewController.xib */,
				02AC5AC821A11A700092BB46 /* YGAboutViewController.h */,
				02AC5AC921A11A700092BB46 /* YGAboutViewController.m */,
				02AC5ACA21A11A700092BB46 /* YGAboutViewController.xib */,
				02AC5ACD21A15E5F0092BB46 /* YGWebViewController.h */,
				02AC5ACE21A15E5F0092BB46 /* YGWebViewController.m */,
				02AC5AD221A161B90092BB46 /* YGContactUsViewController.h */,
				02AC5AD321A161B90092BB46 /* YGContactUsViewController.m */,
				02AC5AD421A161B90092BB46 /* YGContactUsViewController.xib */,
				02AC5AD721A1690F0092BB46 /* YGBankViewController.h */,
				02AC5AD821A1690F0092BB46 /* YGBankViewController.m */,
				02AC5AD921A1690F0092BB46 /* YGBankViewController.xib */,
				02AC5AE121A189590092BB46 /* YGChargeViewController.h */,
				02AC5AE221A189590092BB46 /* YGChargeViewController.m */,
				02CC5A3121A1B2B600BFBCD6 /* YGOrderViewController.h */,
				02CC5A3221A1B2B600BFBCD6 /* YGOrderViewController.m */,
				02CC5A3321A1B2B600BFBCD6 /* YGOrderViewController.xib */,
			);
			path = Controller;
			sourceTree = "<group>";
		};
		021F3292219C29CA0041A11A /* Views */ = {
			isa = PBXGroup;
			children = (
				02AC5ADC21A169B30092BB46 /* YGBankTableViewCell.h */,
				02AC5ADD21A169B30092BB46 /* YGBankTableViewCell.m */,
				02AC5ADE21A169B30092BB46 /* YGBankTableViewCell.xib */,
				02AC5AE421A189850092BB46 /* YGBindCardView.h */,
				02AC5AE521A189850092BB46 /* YGBindCardView.m */,
				02AC5AE721A189980092BB46 /* YGBindCardView.xib */,
				02AC5AE921A198CE0092BB46 /* YGSegView.h */,
				02AC5AEA21A198CE0092BB46 /* YGSegView.m */,
				02AC5AEC21A198DD0092BB46 /* YGSegView.xib */,
				02AC5AEE21A19FB60092BB46 /* YGMineHeaderView.h */,
				02AC5AEF21A19FB60092BB46 /* YGMineHeaderView.m */,
				02AC5AF121A19FC90092BB46 /* YGMineFooterView.h */,
				02AC5AF221A19FC90092BB46 /* YGMineFooterView.m */,
				02AC5AF621A19FF00092BB46 /* YGMineFooterView.xib */,
				02AC5AF821A1A5BF0092BB46 /* YGCollectionViewCell.h */,
				02AC5AF921A1A5BF0092BB46 /* YGCollectionViewCell.m */,
				02AC5AFA21A1A5BF0092BB46 /* YGCollectionViewCell.xib */,
				02F2A4E321A2594A00454F8D /* YGTransactionTableViewCell.h */,
				02F2A4E421A2594A00454F8D /* YGTransactionTableViewCell.m */,
				02F2A4E521A2594A00454F8D /* YGTransactionTableViewCell.xib */,
			);
			path = Views;
			sourceTree = "<group>";
		};
		021F3295219C29D30041A11A /* Controller */ = {
			isa = PBXGroup;
			children = (
				021F3296219C29D30041A11A /* YGAccountViewController.m */,
				021F3297219C29D30041A11A /* YGAccountViewController.h */,
			);
			path = Controller;
			sourceTree = "<group>";
		};
		2E305EC821A2960800FCF123 /* Views */ = {
			isa = PBXGroup;
			children = (
				2E305EC921A2962B00FCF123 /* HomeTableViewCell.h */,
				2E305ECA21A2962B00FCF123 /* HomeTableViewCell.m */,
			);
			path = Views;
			sourceTree = "<group>";
		};
		2E9EA73921A2F889002EF478 /* Views */ = {
			isa = PBXGroup;
			children = (
				2E9EA73A21A2F904002EF478 /* GoodsCollectionViewCell.h */,
				2E9EA73B21A2F904002EF478 /* GoodsCollectionViewCell.m */,
			);
			path = Views;
			sourceTree = "<group>";
		};
		2EDDE551219D11370009DDC1 /* Resource */ = {
			isa = PBXGroup;
			children = (
				2EDDE552219D51430009DDC1 /* 2x */,
				2EDDE56E219D51430009DDC1 /* 3x */,
			);
			path = Resource;
			sourceTree = "<group>";
		};
		2EDDE552219D51430009DDC1 /* 2x */ = {
			isa = PBXGroup;
			children = (
				02F2A4F021A2899300454F8D /* arrow@2x.png */,
				2EDDE553219D51430009DDC1 /* mine_setting@2x.png */,
				2EDDE554219D51430009DDC1 /* rollout_selected@2x.png */,
				2EDDE555219D51430009DDC1 /* eyes_secret@2x.png */,
				2EDDE556219D51430009DDC1 /* tabbar_coin@2x.png */,
				2EDDE557219D51430009DDC1 /* home_im@2x.png */,
				2EDDE558219D51430009DDC1 /* tabbar_message@2x.png */,
				2EDDE559219D51430009DDC1 /* tabbar_home@2x.png */,
				2EDDE55A219D51430009DDC1 /* tabbar_discovery@2x.png */,
				2EDDE55B219D51430009DDC1 /* tabbar_home_selected@2x.png */,
				2EDDE55C219D51430009DDC1 /* mine_huodong@2x.png */,
				2EDDE55D219D51430009DDC1 /* tabbar_message_selected@2x.png */,
				2EDDE55E219D51430009DDC1 /* shared_icon@2x.png */,
				2EDDE55F219D51430009DDC1 /* rollout_unselected@2x.png */,
				2EDDE560219D51430009DDC1 /* mine_recharge@2x.png */,
				2EDDE561219D51430009DDC1 /* mine_bankcard@2x.png */,
				2EDDE562219D51430009DDC1 /* recharge_selected@2x.png */,
				2EDDE563219D51430009DDC1 /* mine_rollout@2x.png */,
				2EDDE564219D51430009DDC1 /* mine_message@2x.png */,
				2EDDE565219D51430009DDC1 /* recharge_unselected@2x.png */,
				2EDDE566219D51430009DDC1 /* nav_back@2x.png */,
				2EDDE567219D51430009DDC1 /* tabbar_discovery_selected@2x.png */,
				2EDDE568219D51430009DDC1 /* tabbar_mine_selected@2x.png */,
				2EDDE569219D51430009DDC1 /* eyes_unsecret@2x.png */,
				2EDDE56A219D51430009DDC1 /* common_refresh@2x.png */,
				2EDDE56B219D51430009DDC1 /* mine_transaction@2x.png */,
				2EDDE56C219D51430009DDC1 /* tabbar_coin_selected@2x.png */,
				2EDDE56D219D51430009DDC1 /* tabbar_mine@2x.png */,
			);
			path = 2x;
			sourceTree = "<group>";
		};
		2EDDE56E219D51430009DDC1 /* 3x */ = {
			isa = PBXGroup;
			children = (
				02F2A4F221A2899D00454F8D /* arrow@3x.png */,
				2EDDE56F219D51430009DDC1 /* mine_huodong@3x.png */,
				2EDDE570219D51430009DDC1 /* tabbar_home_selected@3x.png */,
				2EDDE571219D51430009DDC1 /* tabbar_discovery@3x.png */,
				2EDDE572219D51430009DDC1 /* tabbar_home@3x.png */,
				2EDDE573219D51430009DDC1 /* home_im@3x.png */,
				2EDDE574219D51430009DDC1 /* tabbar_message@3x.png */,
				2EDDE575219D51430009DDC1 /* tabbar_coin@3x.png */,
				2EDDE576219D51430009DDC1 /* eyes_secret@3x.png */,
				2EDDE577219D51430009DDC1 /* rollout_selected@3x.png */,
				2EDDE578219D51430009DDC1 /* mine_setting@3x.png */,
				2EDDE579219D51430009DDC1 /* rollout_unselected@3x.png */,
				2EDDE57A219D51430009DDC1 /* shared_icon@3x.png */,
				2EDDE57B219D51430009DDC1 /* tabbar_message_selected@3x.png */,
				2EDDE57C219D51430009DDC1 /* recharge_unselected@3x.png */,
				2EDDE57D219D51430009DDC1 /* mine_message@3x.png */,
				2EDDE57E219D51430009DDC1 /* recharge_selected@3x.png */,
				2EDDE57F219D51430009DDC1 /* mine_rollout@3x.png */,
				2EDDE580219D51430009DDC1 /* mine_bankcard@3x.png */,
				2EDDE581219D51430009DDC1 /* mine_recharge@3x.png */,
				2EDDE582219D51430009DDC1 /* tabbar_mine@3x.png */,
				2EDDE583219D51430009DDC1 /* tabbar_coin_selected@3x.png */,
				2EDDE584219D51430009DDC1 /* mine_transaction@3x.png */,
				2EDDE585219D51430009DDC1 /* common_refresh@3x.png */,
				2EDDE586219D51430009DDC1 /* eyes_unsecret@3x.png */,
				2EDDE587219D51430009DDC1 /* tabbar_mine_selected@3x.png */,
				2EDDE588219D51430009DDC1 /* tabbar_discovery_selected@3x.png */,
				2EDDE589219D51430009DDC1 /* nav_back@3x.png */,
			);
			path = 3x;
			sourceTree = "<group>";
		};
		2EDDE5C6219EB8EF0009DDC1 /* Macro */ = {
			isa = PBXGroup;
			children = (
				2EDDE5C7219EB8EF0009DDC1 /* Theme.h */,
			);
			path = Macro;
			sourceTree = "<group>";
		};
		2EDDE5C8219EB91B0009DDC1 /* Category */ = {
			isa = PBXGroup;
			children = (
				2EDDE5CB219EBA160009DDC1 /* UIImage+Color.h */,
				2EDDE5CC219EBA160009DDC1 /* UIImage+Color.m */,
				2E305EC521A2934200FCF123 /* UIViewController+Custom.h */,
				2E305EC621A2934200FCF123 /* UIViewController+Custom.m */,
				02F2A4ED21A287AC00454F8D /* UITableViewCell+Arrow.h */,
				02F2A4EE21A287AC00454F8D /* UITableViewCell+Arrow.m */,
			);
			path = Category;
			sourceTree = "<group>";
		};
		2EDDE5D1219ED2CA0009DDC1 /* 文档 */ = {
			isa = PBXGroup;
			children = (
				2EDDE5D2219ED2CA0009DDC1 /* WechatIMG125.png */,
				2EDDE5D3219ED2CA0009DDC1 /* 《名门电竞》APP需求文档2.pdf */,
				2EDDE5D4219ED2CA0009DDC1 /* 电竞UI.zip */,
				2EDDE5D5219ED2CA0009DDC1 /* 《名门电竞》APP需求文档.pdf */,
				2EDDE5D6219ED2CA0009DDC1 /* 电竞icon.zip */,
			);
			name = "文档";
			path = "YaloGame/文档";
			sourceTree = "<group>";
		};
		36B9CA3A44E5FC61BC5B0111 /* Pods */ = {
			isa = PBXGroup;
			children = (
				86BE56C2497561B0FD853AA3 /* Pods-YaloGame.debug.xcconfig */,
				369D04C75DB347A41E04FFEC /* Pods-YaloGame.release.xcconfig */,
			);
			name = Pods;
			sourceTree = "<group>";
		};
		560AF449526D84E57D51F534 /* Frameworks */ = {
			isa = PBXGroup;
			children = (
				02AC5AD021A15E760092BB46 /* WebKit.framework */,
				EF86CA6935AED6F166B62CC6 /* Pods_YaloGame.framework */,
			);
			name = Frameworks;
			sourceTree = "<group>";
		};
/* End PBXGroup section */

/* Begin PBXNativeTarget section */
		021F323F219C1E910041A11A /* YaloGame */ = {
			isa = PBXNativeTarget;
			buildConfigurationList = 021F3256219C1E940041A11A /* Build configuration list for PBXNativeTarget "YaloGame" */;
			buildPhases = (
				91540AB87FE907650C15F017 /* [CP] Check Pods Manifest.lock */,
				021F323C219C1E910041A11A /* Sources */,
				021F323D219C1E910041A11A /* Frameworks */,
				021F323E219C1E910041A11A /* Resources */,
				E7950FBA9B0D5EFD40DACFAE /* [CP] Embed Pods Frameworks */,
			);
			buildRules = (
			);
			dependencies = (
			);
			name = YaloGame;
			productName = YaloGame;
			productReference = 021F3240219C1E910041A11A /* YaloGame.app */;
			productType = "com.apple.product-type.application";
		};
/* End PBXNativeTarget section */

/* Begin PBXProject section */
		021F3238219C1E910041A11A /* Project object */ = {
			isa = PBXProject;
			attributes = {
				LastUpgradeCheck = 1010;
				ORGANIZATIONNAME = C;
				TargetAttributes = {
					021F323F219C1E910041A11A = {
						CreatedOnToolsVersion = 10.1;
					};
				};
			};
			buildConfigurationList = 021F323B219C1E910041A11A /* Build configuration list for PBXProject "YaloGame" */;
			compatibilityVersion = "Xcode 9.3";
			developmentRegion = en;
			hasScannedForEncodings = 0;
			knownRegions = (
				en,
				Base,
			);
			mainGroup = 021F3237219C1E910041A11A;
			productRefGroup = 021F3241219C1E910041A11A /* Products */;
			projectDirPath = "";
			projectRoot = "";
			targets = (
				021F323F219C1E910041A11A /* YaloGame */,
			);
		};
/* End PBXProject section */

/* Begin PBXResourcesBuildPhase section */
		021F323E219C1E910041A11A /* Resources */ = {
			isa = PBXResourcesBuildPhase;
			buildActionMask = 2147483647;
			files = (
				2EDDE5B6219D51430009DDC1 /* mine_bankcard@3x.png in Resources */,
				2EDDE5AF219D51430009DDC1 /* rollout_unselected@3x.png in Resources */,
				2EDDE5BE219D51430009DDC1 /* tabbar_discovery_selected@3x.png in Resources */,
				2EDDE5A7219D51430009DDC1 /* tabbar_discovery@3x.png in Resources */,
				021F3250219C1E940041A11A /* LaunchScreen.storyboard in Resources */,
				02AC5AFC21A1A5BF0092BB46 /* YGCollectionViewCell.xib in Resources */,
				2EDDE59F219D51430009DDC1 /* tabbar_mine_selected@2x.png in Resources */,
				2EDDE58E219D51430009DDC1 /* home_im@2x.png in Resources */,
				02CD775C21A2DAA7009A9892 /* YGMessageDefaultView.xib in Resources */,
				2EDDE5B8219D51430009DDC1 /* tabbar_mine@3x.png in Resources */,
				2EDDE5AB219D51430009DDC1 /* tabbar_coin@3x.png in Resources */,
				2EDDE596219D51430009DDC1 /* rollout_unselected@2x.png in Resources */,
				2EDDE59B219D51430009DDC1 /* mine_message@2x.png in Resources */,
				2EDDE5B2219D51430009DDC1 /* recharge_unselected@3x.png in Resources */,
				2EDDE5A3219D51430009DDC1 /* tabbar_coin_selected@2x.png in Resources */,
				2EDDE5B9219D51430009DDC1 /* tabbar_coin_selected@3x.png in Resources */,
				2EDDE5AA219D51430009DDC1 /* tabbar_message@3x.png in Resources */,
				2EDDE5BC219D51430009DDC1 /* eyes_unsecret@3x.png in Resources */,
				2EDDE5DA219ED2CA0009DDC1 /* 《名门电竞》APP需求文档.pdf in Resources */,
				2EDDE5D7219ED2CA0009DDC1 /* WechatIMG125.png in Resources */,
				02CC5A3521A1B2B600BFBCD6 /* YGOrderViewController.xib in Resources */,
				2EDDE5A0219D51430009DDC1 /* eyes_unsecret@2x.png in Resources */,
				2EDDE5B1219D51430009DDC1 /* tabbar_message_selected@3x.png in Resources */,
				02AC5ADB21A1690F0092BB46 /* YGBankViewController.xib in Resources */,
				02AC5AED21A198DD0092BB46 /* YGSegView.xib in Resources */,
				02AC5A9421A055200092BB46 /* YGBankCardValidateViewController.xib in Resources */,
				2EDDE598219D51430009DDC1 /* mine_bankcard@2x.png in Resources */,
				02CD776221A2E005009A9892 /* YGMessageCollectionViewCell.xib in Resources */,
				02AC5ACC21A11A700092BB46 /* YGAboutViewController.xib in Resources */,
				2EDDE5DB219ED2CA0009DDC1 /* 电竞icon.zip in Resources */,
				2EDDE591219D51430009DDC1 /* tabbar_discovery@2x.png in Resources */,
				2EDDE5AD219D51430009DDC1 /* rollout_selected@3x.png in Resources */,
				2EDDE5BA219D51430009DDC1 /* mine_transaction@3x.png in Resources */,
				02AC5AE021A169B30092BB46 /* YGBankTableViewCell.xib in Resources */,
				2EDDE5BF219D51430009DDC1 /* nav_back@3x.png in Resources */,
				2EDDE5B7219D51430009DDC1 /* mine_recharge@3x.png in Resources */,
				02AC5AE821A189980092BB46 /* YGBindCardView.xib in Resources */,
				2EDDE595219D51430009DDC1 /* shared_icon@2x.png in Resources */,
				02F2A4F121A2899300454F8D /* arrow@2x.png in Resources */,
				2EDDE5A1219D51430009DDC1 /* common_refresh@2x.png in Resources */,
				2EDDE5A2219D51430009DDC1 /* mine_transaction@2x.png in Resources */,
				2EDDE59C219D51430009DDC1 /* recharge_unselected@2x.png in Resources */,
				2EDDE59E219D51430009DDC1 /* tabbar_discovery_selected@2x.png in Resources */,
				02AC5AC721A118990092BB46 /* YGPwdViewController.xib in Resources */,
				2EDDE5D8219ED2CA0009DDC1 /* 《名门电竞》APP需求文档2.pdf in Resources */,
				2EDDE594219D51430009DDC1 /* tabbar_message_selected@2x.png in Resources */,
				2EDDE593219D51430009DDC1 /* mine_huodong@2x.png in Resources */,
				021F324D219C1E940041A11A /* Assets.xcassets in Resources */,
				2EDDE59A219D51430009DDC1 /* mine_rollout@2x.png in Resources */,
				2EDDE592219D51430009DDC1 /* tabbar_home_selected@2x.png in Resources */,
				2EDDE5A9219D51430009DDC1 /* home_im@3x.png in Resources */,
				2EDDE5B0219D51430009DDC1 /* shared_icon@3x.png in Resources */,
				2EDDE5A5219D51430009DDC1 /* mine_huodong@3x.png in Resources */,
				2EDDE58C219D51430009DDC1 /* eyes_secret@2x.png in Resources */,
				2EDDE5A6219D51430009DDC1 /* tabbar_home_selected@3x.png in Resources */,
				02F2A4F321A2899D00454F8D /* arrow@3x.png in Resources */,
				2EDDE58B219D51430009DDC1 /* rollout_selected@2x.png in Resources */,
				2EDDE5D9219ED2CA0009DDC1 /* 电竞UI.zip in Resources */,
				2EDDE5A4219D51430009DDC1 /* tabbar_mine@2x.png in Resources */,
				2EDDE5BB219D51430009DDC1 /* common_refresh@3x.png in Resources */,
				2EDDE5B3219D51430009DDC1 /* mine_message@3x.png in Resources */,
				2EDDE599219D51430009DDC1 /* recharge_selected@2x.png in Resources */,
				02AC5AA221A0601C0092BB46 /* YGUserInfoViewController.xib in Resources */,
				02AC5AC221A1153B0092BB46 /* YGSafeViewController.xib in Resources */,
				2EDDE58A219D51430009DDC1 /* mine_setting@2x.png in Resources */,
				2EDDE5AE219D51430009DDC1 /* mine_setting@3x.png in Resources */,
				021F324B219C1E920041A11A /* Main.storyboard in Resources */,
				02AC5A8F219FB1200092BB46 /* YGBindCardViewController.xib in Resources */,
				2EDDE5BD219D51430009DDC1 /* tabbar_mine_selected@3x.png in Resources */,
				2EDDE58F219D51430009DDC1 /* tabbar_message@2x.png in Resources */,
				02AC5AB521A0712D0092BB46 /* YGModifyViewController.xib in Resources */,
				2EDDE5B4219D51430009DDC1 /* recharge_selected@3x.png in Resources */,
				2EDDE58D219D51430009DDC1 /* tabbar_coin@2x.png in Resources */,
				2EDDE597219D51430009DDC1 /* mine_recharge@2x.png in Resources */,
				02F2A4E721A2594A00454F8D /* YGTransactionTableViewCell.xib in Resources */,
				2EDDE5B5219D51430009DDC1 /* mine_rollout@3x.png in Resources */,
				2EDDE590219D51430009DDC1 /* tabbar_home@2x.png in Resources */,
				2EDDE5AC219D51430009DDC1 /* eyes_secret@3x.png in Resources */,
				02AC5AA721A062910092BB46 /* YGSettingViewController.xib in Resources */,
				02CD776721A2E323009A9892 /* YGMessageTableViewCell.xib in Resources */,
				02AC5AF721A19FF00092BB46 /* YGMineFooterView.xib in Resources */,
				2EDDE5A8219D51430009DDC1 /* tabbar_home@3x.png in Resources */,
				2EDDE59D219D51430009DDC1 /* nav_back@2x.png in Resources */,
				02AC5AD621A161B90092BB46 /* YGContactUsViewController.xib in Resources */,
			);
			runOnlyForDeploymentPostprocessing = 0;
		};
/* End PBXResourcesBuildPhase section */

/* Begin PBXShellScriptBuildPhase section */
		91540AB87FE907650C15F017 /* [CP] Check Pods Manifest.lock */ = {
			isa = PBXShellScriptBuildPhase;
			buildActionMask = 2147483647;
			files = (
			);
			inputFileListPaths = (
			);
			inputPaths = (
				"${PODS_PODFILE_DIR_PATH}/Podfile.lock",
				"${PODS_ROOT}/Manifest.lock",
			);
			name = "[CP] Check Pods Manifest.lock";
			outputFileListPaths = (
			);
			outputPaths = (
				"$(DERIVED_FILE_DIR)/Pods-YaloGame-checkManifestLockResult.txt",
			);
			runOnlyForDeploymentPostprocessing = 0;
			shellPath = /bin/sh;
			shellScript = "diff \"${PODS_PODFILE_DIR_PATH}/Podfile.lock\" \"${PODS_ROOT}/Manifest.lock\" > /dev/null\nif [ $? != 0 ] ; then\n    # print error to STDERR\n    echo \"error: The sandbox is not in sync with the Podfile.lock. Run 'pod install' or update your CocoaPods installation.\" >&2\n    exit 1\nfi\n# This output is used by Xcode 'outputs' to avoid re-running this script phase.\necho \"SUCCESS\" > \"${SCRIPT_OUTPUT_FILE_0}\"\n";
			showEnvVarsInLog = 0;
		};
		E7950FBA9B0D5EFD40DACFAE /* [CP] Embed Pods Frameworks */ = {
			isa = PBXShellScriptBuildPhase;
			buildActionMask = 2147483647;
			files = (
			);
			inputFileListPaths = (
			);
			inputPaths = (
				"${SRCROOT}/Pods/Target Support Files/Pods-YaloGame/Pods-YaloGame-frameworks.sh",
				"${BUILT_PRODUCTS_DIR}/AFNetworking/AFNetworking.framework",
				"${BUILT_PRODUCTS_DIR}/FDFullscreenPopGesture/FDFullscreenPopGesture.framework",
				"${BUILT_PRODUCTS_DIR}/MJRefresh/MJRefresh.framework",
				"${BUILT_PRODUCTS_DIR}/Masonry/Masonry.framework",
				"${BUILT_PRODUCTS_DIR}/SDCycleScrollView/SDCycleScrollView.framework",
				"${BUILT_PRODUCTS_DIR}/SDWebImage/SDWebImage.framework",
				"${BUILT_PRODUCTS_DIR}/YYModel/YYModel.framework",
			);
			name = "[CP] Embed Pods Frameworks";
			outputFileListPaths = (
			);
			outputPaths = (
				"${TARGET_BUILD_DIR}/${FRAMEWORKS_FOLDER_PATH}/AFNetworking.framework",
				"${TARGET_BUILD_DIR}/${FRAMEWORKS_FOLDER_PATH}/FDFullscreenPopGesture.framework",
				"${TARGET_BUILD_DIR}/${FRAMEWORKS_FOLDER_PATH}/MJRefresh.framework",
				"${TARGET_BUILD_DIR}/${FRAMEWORKS_FOLDER_PATH}/Masonry.framework",
				"${TARGET_BUILD_DIR}/${FRAMEWORKS_FOLDER_PATH}/SDCycleScrollView.framework",
				"${TARGET_BUILD_DIR}/${FRAMEWORKS_FOLDER_PATH}/SDWebImage.framework",
				"${TARGET_BUILD_DIR}/${FRAMEWORKS_FOLDER_PATH}/YYModel.framework",
			);
			runOnlyForDeploymentPostprocessing = 0;
			shellPath = /bin/sh;
			shellScript = "\"${SRCROOT}/Pods/Target Support Files/Pods-YaloGame/Pods-YaloGame-frameworks.sh\"\n";
			showEnvVarsInLog = 0;
		};
/* End PBXShellScriptBuildPhase section */

/* Begin PBXSourcesBuildPhase section */
		021F323C219C1E910041A11A /* Sources */ = {
			isa = PBXSourcesBuildPhase;
			buildActionMask = 2147483647;
			files = (
				02AC5AB421A0712D0092BB46 /* YGModifyViewController.m in Sources */,
				02F2A4EF21A287AC00454F8D /* UITableViewCell+Arrow.m in Sources */,
				021F328E219C29C20041A11A /* YGMessageViewController.m in Sources */,
				02AC5AB021A06ACA0092BB46 /* YGUtils.m in Sources */,
				021F3263219C24010041A11A /* AppDelegate.m in Sources */,
				02AC5ACB21A11A700092BB46 /* YGAboutViewController.m in Sources */,
				02AC5AF321A19FC90092BB46 /* YGMineFooterView.m in Sources */,
				02AC5AE621A189850092BB46 /* YGBindCardView.m in Sources */,
				021F3293219C29CA0041A11A /* YGMineViewController.m in Sources */,
				021F3284219C299D0041A11A /* YGHomeViewController.m in Sources */,
				02AC5AC621A118990092BB46 /* YGPwdViewController.m in Sources */,
				021F327F219C298F0041A11A /* YGBaseViewController.m in Sources */,
				2E305ECB21A2962B00FCF123 /* HomeTableViewCell.m in Sources */,
				02AC5AD521A161B90092BB46 /* YGContactUsViewController.m in Sources */,
				021F3248219C1E910041A11A /* ViewController.m in Sources */,
				02AC5ADF21A169B30092BB46 /* YGBankTableViewCell.m in Sources */,
				02AC5A9321A055200092BB46 /* YGBankCardValidateViewController.m in Sources */,
				2E305EC721A2934200FCF123 /* UIViewController+Custom.m in Sources */,
				02AC5AAD21A0693A0092BB46 /* YGAlertTool.m in Sources */,
				02F2A4E621A2594A00454F8D /* YGTransactionTableViewCell.m in Sources */,
				02CD775D21A2DAA7009A9892 /* YGMessageSegView.m in Sources */,
				021F3289219C29BA0041A11A /* YGDiscoveryViewController.m in Sources */,
				02CC5A3421A1B2B600BFBCD6 /* YGOrderViewController.m in Sources */,
				2E9EA73C21A2F904002EF478 /* GoodsCollectionViewCell.m in Sources */,
				02AC5AE321A189590092BB46 /* YGChargeViewController.m in Sources */,
				02AC5AA121A0601C0092BB46 /* YGUserInfoViewController.m in Sources */,
				02CD776621A2E323009A9892 /* YGMessageTableViewCell.m in Sources */,
				021F3253219C1E940041A11A /* main.m in Sources */,
				02AC5AA621A062910092BB46 /* YGSettingViewController.m in Sources */,
				02AC5AEB21A198CE0092BB46 /* YGSegView.m in Sources */,
				2EDDE5CD219EBA160009DDC1 /* UIImage+Color.m in Sources */,
				02AC5ADA21A1690F0092BB46 /* YGBankViewController.m in Sources */,
				02CD775B21A2DAA7009A9892 /* YGMessageDefaultView.m in Sources */,
				02AC5AAA21A068BB0092BB46 /* YGAuthTool.m in Sources */,
				02AC5AC121A1153B0092BB46 /* YGSafeViewController.m in Sources */,
				02AC5AF021A19FB60092BB46 /* YGMineHeaderView.m in Sources */,
				02AC5ACF21A15E5F0092BB46 /* YGWebViewController.m in Sources */,
				02CD776121A2E005009A9892 /* YGMessageCollectionViewCell.m in Sources */,
				021F3298219C29D30041A11A /* YGAccountViewController.m in Sources */,
				02AC5AFB21A1A5BF0092BB46 /* YGCollectionViewCell.m in Sources */,
				02AC5A8E219FB1200092BB46 /* YGBindCardViewController.m in Sources */,
				021F3266219C24490041A11A /* YGTabBarController.m in Sources */,
				2EDDE5D0219EBAB50009DDC1 /* YGBaseNavgationViewController.m in Sources */,
			);
			runOnlyForDeploymentPostprocessing = 0;
		};
/* End PBXSourcesBuildPhase section */

/* Begin PBXVariantGroup section */
		021F3249219C1E920041A11A /* Main.storyboard */ = {
			isa = PBXVariantGroup;
			children = (
				021F324A219C1E920041A11A /* Base */,
			);
			name = Main.storyboard;
			sourceTree = "<group>";
		};
		021F324E219C1E940041A11A /* LaunchScreen.storyboard */ = {
			isa = PBXVariantGroup;
			children = (
				021F324F219C1E940041A11A /* Base */,
			);
			name = LaunchScreen.storyboard;
			sourceTree = "<group>";
		};
/* End PBXVariantGroup section */

/* Begin XCBuildConfiguration section */
		021F3254219C1E940041A11A /* Debug */ = {
			isa = XCBuildConfiguration;
			buildSettings = {
				ALWAYS_SEARCH_USER_PATHS = NO;
				CLANG_ANALYZER_NONNULL = YES;
				CLANG_ANALYZER_NUMBER_OBJECT_CONVERSION = YES_AGGRESSIVE;
				CLANG_CXX_LANGUAGE_STANDARD = "gnu++14";
				CLANG_CXX_LIBRARY = "libc++";
				CLANG_ENABLE_MODULES = YES;
				CLANG_ENABLE_OBJC_ARC = YES;
				CLANG_ENABLE_OBJC_WEAK = YES;
				CLANG_WARN_BLOCK_CAPTURE_AUTORELEASING = YES;
				CLANG_WARN_BOOL_CONVERSION = YES;
				CLANG_WARN_COMMA = YES;
				CLANG_WARN_CONSTANT_CONVERSION = YES;
				CLANG_WARN_DEPRECATED_OBJC_IMPLEMENTATIONS = YES;
				CLANG_WARN_DIRECT_OBJC_ISA_USAGE = YES_ERROR;
				CLANG_WARN_DOCUMENTATION_COMMENTS = YES;
				CLANG_WARN_EMPTY_BODY = YES;
				CLANG_WARN_ENUM_CONVERSION = YES;
				CLANG_WARN_INFINITE_RECURSION = YES;
				CLANG_WARN_INT_CONVERSION = YES;
				CLANG_WARN_NON_LITERAL_NULL_CONVERSION = YES;
				CLANG_WARN_OBJC_IMPLICIT_RETAIN_SELF = YES;
				CLANG_WARN_OBJC_LITERAL_CONVERSION = YES;
				CLANG_WARN_OBJC_ROOT_CLASS = YES_ERROR;
				CLANG_WARN_RANGE_LOOP_ANALYSIS = YES;
				CLANG_WARN_STRICT_PROTOTYPES = YES;
				CLANG_WARN_SUSPICIOUS_MOVE = YES;
				CLANG_WARN_UNGUARDED_AVAILABILITY = YES_AGGRESSIVE;
				CLANG_WARN_UNREACHABLE_CODE = YES;
				CLANG_WARN__DUPLICATE_METHOD_MATCH = YES;
				CODE_SIGN_IDENTITY = "iPhone Developer";
				COPY_PHASE_STRIP = NO;
				DEBUG_INFORMATION_FORMAT = dwarf;
				ENABLE_STRICT_OBJC_MSGSEND = YES;
				ENABLE_TESTABILITY = YES;
				GCC_C_LANGUAGE_STANDARD = gnu11;
				GCC_DYNAMIC_NO_PIC = NO;
				GCC_NO_COMMON_BLOCKS = YES;
				GCC_OPTIMIZATION_LEVEL = 0;
				GCC_PREPROCESSOR_DEFINITIONS = (
					"DEBUG=1",
					"$(inherited)",
				);
				GCC_WARN_64_TO_32_BIT_CONVERSION = YES;
				GCC_WARN_ABOUT_RETURN_TYPE = YES_ERROR;
				GCC_WARN_UNDECLARED_SELECTOR = YES;
				GCC_WARN_UNINITIALIZED_AUTOS = YES_AGGRESSIVE;
				GCC_WARN_UNUSED_FUNCTION = YES;
				GCC_WARN_UNUSED_VARIABLE = YES;
				IPHONEOS_DEPLOYMENT_TARGET = 12.1;
				MTL_ENABLE_DEBUG_INFO = INCLUDE_SOURCE;
				MTL_FAST_MATH = YES;
				ONLY_ACTIVE_ARCH = YES;
				SDKROOT = iphoneos;
			};
			name = Debug;
		};
		021F3255219C1E940041A11A /* Release */ = {
			isa = XCBuildConfiguration;
			buildSettings = {
				ALWAYS_SEARCH_USER_PATHS = NO;
				CLANG_ANALYZER_NONNULL = YES;
				CLANG_ANALYZER_NUMBER_OBJECT_CONVERSION = YES_AGGRESSIVE;
				CLANG_CXX_LANGUAGE_STANDARD = "gnu++14";
				CLANG_CXX_LIBRARY = "libc++";
				CLANG_ENABLE_MODULES = YES;
				CLANG_ENABLE_OBJC_ARC = YES;
				CLANG_ENABLE_OBJC_WEAK = YES;
				CLANG_WARN_BLOCK_CAPTURE_AUTORELEASING = YES;
				CLANG_WARN_BOOL_CONVERSION = YES;
				CLANG_WARN_COMMA = YES;
				CLANG_WARN_CONSTANT_CONVERSION = YES;
				CLANG_WARN_DEPRECATED_OBJC_IMPLEMENTATIONS = YES;
				CLANG_WARN_DIRECT_OBJC_ISA_USAGE = YES_ERROR;
				CLANG_WARN_DOCUMENTATION_COMMENTS = YES;
				CLANG_WARN_EMPTY_BODY = YES;
				CLANG_WARN_ENUM_CONVERSION = YES;
				CLANG_WARN_INFINITE_RECURSION = YES;
				CLANG_WARN_INT_CONVERSION = YES;
				CLANG_WARN_NON_LITERAL_NULL_CONVERSION = YES;
				CLANG_WARN_OBJC_IMPLICIT_RETAIN_SELF = YES;
				CLANG_WARN_OBJC_LITERAL_CONVERSION = YES;
				CLANG_WARN_OBJC_ROOT_CLASS = YES_ERROR;
				CLANG_WARN_RANGE_LOOP_ANALYSIS = YES;
				CLANG_WARN_STRICT_PROTOTYPES = YES;
				CLANG_WARN_SUSPICIOUS_MOVE = YES;
				CLANG_WARN_UNGUARDED_AVAILABILITY = YES_AGGRESSIVE;
				CLANG_WARN_UNREACHABLE_CODE = YES;
				CLANG_WARN__DUPLICATE_METHOD_MATCH = YES;
				CODE_SIGN_IDENTITY = "iPhone Developer";
				COPY_PHASE_STRIP = NO;
				DEBUG_INFORMATION_FORMAT = "dwarf-with-dsym";
				ENABLE_NS_ASSERTIONS = NO;
				ENABLE_STRICT_OBJC_MSGSEND = YES;
				GCC_C_LANGUAGE_STANDARD = gnu11;
				GCC_NO_COMMON_BLOCKS = YES;
				GCC_WARN_64_TO_32_BIT_CONVERSION = YES;
				GCC_WARN_ABOUT_RETURN_TYPE = YES_ERROR;
				GCC_WARN_UNDECLARED_SELECTOR = YES;
				GCC_WARN_UNINITIALIZED_AUTOS = YES_AGGRESSIVE;
				GCC_WARN_UNUSED_FUNCTION = YES;
				GCC_WARN_UNUSED_VARIABLE = YES;
				IPHONEOS_DEPLOYMENT_TARGET = 12.1;
				MTL_ENABLE_DEBUG_INFO = NO;
				MTL_FAST_MATH = YES;
				SDKROOT = iphoneos;
				VALIDATE_PRODUCT = YES;
			};
			name = Release;
		};
		021F3257219C1E940041A11A /* Debug */ = {
			isa = XCBuildConfiguration;
			baseConfigurationReference = 86BE56C2497561B0FD853AA3 /* Pods-YaloGame.debug.xcconfig */;
			buildSettings = {
				ASSETCATALOG_COMPILER_APPICON_NAME = AppIcon;
				CODE_SIGN_IDENTITY = "iPhone Developer";
				CODE_SIGN_STYLE = Automatic;
				DEVELOPMENT_TEAM = M5TT6TZ89W;
				GCC_PRECOMPILE_PREFIX_HEADER = YES;
				GCC_PREFIX_HEADER = "${SRCROOT}/YaloGame/PrefixHeader.pch";
				INFOPLIST_FILE = YaloGame/Info.plist;
				LD_RUNPATH_SEARCH_PATHS = (
					"$(inherited)",
					"@executable_path/Frameworks",
				);
				PRODUCT_BUNDLE_IDENTIFIER = c.YaloGame;
				PRODUCT_NAME = "$(TARGET_NAME)";
				PROVISIONING_PROFILE_SPECIFIER = "";
				TARGETED_DEVICE_FAMILY = "1,2";
			};
			name = Debug;
		};
		021F3258219C1E940041A11A /* Release */ = {
			isa = XCBuildConfiguration;
			baseConfigurationReference = 369D04C75DB347A41E04FFEC /* Pods-YaloGame.release.xcconfig */;
			buildSettings = {
				ASSETCATALOG_COMPILER_APPICON_NAME = AppIcon;
				CODE_SIGN_IDENTITY = "iPhone Developer";
				CODE_SIGN_STYLE = Automatic;
				DEVELOPMENT_TEAM = M5TT6TZ89W;
				GCC_PRECOMPILE_PREFIX_HEADER = YES;
				GCC_PREFIX_HEADER = "${SRCROOT}/YaloGame/PrefixHeader.pch";
				INFOPLIST_FILE = YaloGame/Info.plist;
				LD_RUNPATH_SEARCH_PATHS = (
					"$(inherited)",
					"@executable_path/Frameworks",
				);
				PRODUCT_BUNDLE_IDENTIFIER = c.YaloGame;
				PRODUCT_NAME = "$(TARGET_NAME)";
				PROVISIONING_PROFILE_SPECIFIER = "";
				TARGETED_DEVICE_FAMILY = "1,2";
			};
			name = Release;
		};
/* End XCBuildConfiguration section */

/* Begin XCConfigurationList section */
		021F323B219C1E910041A11A /* Build configuration list for PBXProject "YaloGame" */ = {
			isa = XCConfigurationList;
			buildConfigurations = (
				021F3254219C1E940041A11A /* Debug */,
				021F3255219C1E940041A11A /* Release */,
			);
			defaultConfigurationIsVisible = 0;
			defaultConfigurationName = Release;
		};
		021F3256219C1E940041A11A /* Build configuration list for PBXNativeTarget "YaloGame" */ = {
			isa = XCConfigurationList;
			buildConfigurations = (
				021F3257219C1E940041A11A /* Debug */,
				021F3258219C1E940041A11A /* Release */,
			);
			defaultConfigurationIsVisible = 0;
			defaultConfigurationName = Release;
		};
/* End XCConfigurationList section */
	};
	rootObject = 021F3238219C1E910041A11A /* Project object */;
}
